// !$*UTF8*$!
{
	archiveVersion = 1;
	classes = {
	};
	objectVersion = 50;
	objects = {

/* Begin PBXBuildFile section */
		051D36D9DFBBD9FEC57B24D2 /* Pods_BlindInUITests.framework in Frameworks */ = {isa = PBXBuildFile; fileRef = 7636D7D6CCF946292D6B1CA6 /* Pods_BlindInUITests.framework */; };
		3258DCD8227DCCBA0014B316 /* AppDelegate.swift in Sources */ = {isa = PBXBuildFile; fileRef = 3258DCD7227DCCBA0014B316 /* AppDelegate.swift */; };
		3258DCDA227DCCBA0014B316 /* ViewController.swift in Sources */ = {isa = PBXBuildFile; fileRef = 3258DCD9227DCCBA0014B316 /* ViewController.swift */; };
		3258DCDD227DCCBA0014B316 /* Main.storyboard in Resources */ = {isa = PBXBuildFile; fileRef = 3258DCDB227DCCBA0014B316 /* Main.storyboard */; };
		3258DCDF227DCCBE0014B316 /* Assets.xcassets in Resources */ = {isa = PBXBuildFile; fileRef = 3258DCDE227DCCBE0014B316 /* Assets.xcassets */; };
		3258DCE2227DCCBE0014B316 /* LaunchScreen.storyboard in Resources */ = {isa = PBXBuildFile; fileRef = 3258DCE0227DCCBE0014B316 /* LaunchScreen.storyboard */; };
		3258DCED227DCCBE0014B316 /* BlindInTests.swift in Sources */ = {isa = PBXBuildFile; fileRef = 3258DCEC227DCCBE0014B316 /* BlindInTests.swift */; };
		3258DCF8227DCCBE0014B316 /* BlindInUITests.swift in Sources */ = {isa = PBXBuildFile; fileRef = 3258DCF7227DCCBE0014B316 /* BlindInUITests.swift */; };
		3258DD09227DCDCA0014B316 /* NetworkManager.swift in Sources */ = {isa = PBXBuildFile; fileRef = 3258DD08227DCDCA0014B316 /* NetworkManager.swift */; };
		3258DD11227DCDDF0014B316 /* UIView+Extentions.swift in Sources */ = {isa = PBXBuildFile; fileRef = 3258DD0C227DCDDF0014B316 /* UIView+Extentions.swift */; };
		3258DD12227DCDDF0014B316 /* Rating.swift in Sources */ = {isa = PBXBuildFile; fileRef = 3258DD0D227DCDDF0014B316 /* Rating.swift */; };
		328A4C3C227E325C00DFB85E /* ZGNewsFeedTableViewCell.swift in Sources */ = {isa = PBXBuildFile; fileRef = 328A4C3B227E325C00DFB85E /* ZGNewsFeedTableViewCell.swift */; };
		328A4C3E227E327200DFB85E /* ZGNewsFeedViewController.swift in Sources */ = {isa = PBXBuildFile; fileRef = 328A4C3D227E327200DFB85E /* ZGNewsFeedViewController.swift */; };
		329AB0C3228F34F8007234CE /* Second.storyboard in Resources */ = {isa = PBXBuildFile; fileRef = 329AB0C1228F34F7007234CE /* Second.storyboard */; };
		32AA1C16228DC5C40036E252 /* MZInterestsViewController.swift in Sources */ = {isa = PBXBuildFile; fileRef = 32AA1C15228DC5C40036E252 /* MZInterestsViewController.swift */; };
		32AA1C18228DC5E90036E252 /* MZInterestsCollectionViewCell.swift in Sources */ = {isa = PBXBuildFile; fileRef = 32AA1C17228DC5E90036E252 /* MZInterestsCollectionViewCell.swift */; };
		32AA1C1A228DC6180036E252 /* MZLoginViewController.swift in Sources */ = {isa = PBXBuildFile; fileRef = 32AA1C19228DC6180036E252 /* MZLoginViewController.swift */; };
		32AA1C1C228DC62B0036E252 /* MZSignUpViewController.swift in Sources */ = {isa = PBXBuildFile; fileRef = 32AA1C1B228DC62B0036E252 /* MZSignUpViewController.swift */; };
		32AA1C1E228DC63C0036E252 /* MZAuthViewController.swift in Sources */ = {isa = PBXBuildFile; fileRef = 32AA1C1D228DC63C0036E252 /* MZAuthViewController.swift */; };
		32AA1C21228DEE900036E252 /* MZHangoutCreationViewController.swift in Sources */ = {isa = PBXBuildFile; fileRef = 32AA1C20228DEE900036E252 /* MZHangoutCreationViewController.swift */; };
		32AA1C23228DF62F0036E252 /* MZHangoutDescriptionViewController.swift in Sources */ = {isa = PBXBuildFile; fileRef = 32AA1C22228DF62F0036E252 /* MZHangoutDescriptionViewController.swift */; };
		32AB8222227E526000BD98D1 /* ZGUserProfileCollectionViewCell.swift in Sources */ = {isa = PBXBuildFile; fileRef = 32AB8221227E526000BD98D1 /* ZGUserProfileCollectionViewCell.swift */; };
		32AB8224227E527D00BD98D1 /* ZGUserProfileViewController.swift in Sources */ = {isa = PBXBuildFile; fileRef = 32AB8223227E527D00BD98D1 /* ZGUserProfileViewController.swift */; };
		BD3DE6927E2A798BF3DB93A9 /* Pods_BlindInTests.framework in Frameworks */ = {isa = PBXBuildFile; fileRef = 4110A44A917F91129B497CAB /* Pods_BlindInTests.framework */; };
		DB5417ADA61BC1ACC45FFF14 /* Pods_BlindIn.framework in Frameworks */ = {isa = PBXBuildFile; fileRef = AAF45241557BE3ABED7FF698 /* Pods_BlindIn.framework */; };
/* End PBXBuildFile section */

/* Begin PBXContainerItemProxy section */
		3258DCE9227DCCBE0014B316 /* PBXContainerItemProxy */ = {
			isa = PBXContainerItemProxy;
			containerPortal = 3258DCCC227DCCBA0014B316 /* Project object */;
			proxyType = 1;
			remoteGlobalIDString = 3258DCD3227DCCBA0014B316;
			remoteInfo = BlindIn;
		};
		3258DCF4227DCCBE0014B316 /* PBXContainerItemProxy */ = {
			isa = PBXContainerItemProxy;
			containerPortal = 3258DCCC227DCCBA0014B316 /* Project object */;
			proxyType = 1;
			remoteGlobalIDString = 3258DCD3227DCCBA0014B316;
			remoteInfo = BlindIn;
		};
/* End PBXContainerItemProxy section */

/* Begin PBXFileReference section */
		0D58DBD301ADDFF192E4F9B9 /* Pods-BlindInUITests.debug.xcconfig */ = {isa = PBXFileReference; includeInIndex = 1; lastKnownFileType = text.xcconfig; name = "Pods-BlindInUITests.debug.xcconfig"; path = "Target Support Files/Pods-BlindInUITests/Pods-BlindInUITests.debug.xcconfig"; sourceTree = "<group>"; };
		292CEBE25B1306A3487B0D26 /* Pods-BlindInTests.debug.xcconfig */ = {isa = PBXFileReference; includeInIndex = 1; lastKnownFileType = text.xcconfig; name = "Pods-BlindInTests.debug.xcconfig"; path = "Target Support Files/Pods-BlindInTests/Pods-BlindInTests.debug.xcconfig"; sourceTree = "<group>"; };
		3258DCD4227DCCBA0014B316 /* BlindIn.app */ = {isa = PBXFileReference; explicitFileType = wrapper.application; includeInIndex = 0; path = BlindIn.app; sourceTree = BUILT_PRODUCTS_DIR; };
		3258DCD7227DCCBA0014B316 /* AppDelegate.swift */ = {isa = PBXFileReference; lastKnownFileType = sourcecode.swift; path = AppDelegate.swift; sourceTree = "<group>"; };
		3258DCD9227DCCBA0014B316 /* ViewController.swift */ = {isa = PBXFileReference; lastKnownFileType = sourcecode.swift; path = ViewController.swift; sourceTree = "<group>"; };
		3258DCDC227DCCBA0014B316 /* Base */ = {isa = PBXFileReference; lastKnownFileType = file.storyboard; name = Base; path = Base.lproj/Main.storyboard; sourceTree = "<group>"; };
		3258DCDE227DCCBE0014B316 /* Assets.xcassets */ = {isa = PBXFileReference; lastKnownFileType = folder.assetcatalog; path = Assets.xcassets; sourceTree = "<group>"; };
		3258DCE1227DCCBE0014B316 /* Base */ = {isa = PBXFileReference; lastKnownFileType = file.storyboard; name = Base; path = Base.lproj/LaunchScreen.storyboard; sourceTree = "<group>"; };
		3258DCE3227DCCBE0014B316 /* Info.plist */ = {isa = PBXFileReference; lastKnownFileType = text.plist.xml; path = Info.plist; sourceTree = "<group>"; };
		3258DCE8227DCCBE0014B316 /* BlindInTests.xctest */ = {isa = PBXFileReference; explicitFileType = wrapper.cfbundle; includeInIndex = 0; path = BlindInTests.xctest; sourceTree = BUILT_PRODUCTS_DIR; };
		3258DCEC227DCCBE0014B316 /* BlindInTests.swift */ = {isa = PBXFileReference; lastKnownFileType = sourcecode.swift; path = BlindInTests.swift; sourceTree = "<group>"; };
		3258DCEE227DCCBE0014B316 /* Info.plist */ = {isa = PBXFileReference; lastKnownFileType = text.plist.xml; path = Info.plist; sourceTree = "<group>"; };
		3258DCF3227DCCBE0014B316 /* BlindInUITests.xctest */ = {isa = PBXFileReference; explicitFileType = wrapper.cfbundle; includeInIndex = 0; path = BlindInUITests.xctest; sourceTree = BUILT_PRODUCTS_DIR; };
		3258DCF7227DCCBE0014B316 /* BlindInUITests.swift */ = {isa = PBXFileReference; lastKnownFileType = sourcecode.swift; path = BlindInUITests.swift; sourceTree = "<group>"; };
		3258DCF9227DCCBE0014B316 /* Info.plist */ = {isa = PBXFileReference; lastKnownFileType = text.plist.xml; path = Info.plist; sourceTree = "<group>"; };
		3258DD08227DCDCA0014B316 /* NetworkManager.swift */ = {isa = PBXFileReference; fileEncoding = 4; lastKnownFileType = sourcecode.swift; path = NetworkManager.swift; sourceTree = "<group>"; };
		3258DD0C227DCDDF0014B316 /* UIView+Extentions.swift */ = {isa = PBXFileReference; fileEncoding = 4; lastKnownFileType = sourcecode.swift; path = "UIView+Extentions.swift"; sourceTree = "<group>"; };
		3258DD0D227DCDDF0014B316 /* Rating.swift */ = {isa = PBXFileReference; fileEncoding = 4; lastKnownFileType = sourcecode.swift; path = Rating.swift; sourceTree = "<group>"; };
		328A4C3B227E325C00DFB85E /* ZGNewsFeedTableViewCell.swift */ = {isa = PBXFileReference; lastKnownFileType = sourcecode.swift; path = ZGNewsFeedTableViewCell.swift; sourceTree = "<group>"; };
		328A4C3D227E327200DFB85E /* ZGNewsFeedViewController.swift */ = {isa = PBXFileReference; lastKnownFileType = sourcecode.swift; path = ZGNewsFeedViewController.swift; sourceTree = "<group>"; };
		329AB0C2228F34F7007234CE /* Base */ = {isa = PBXFileReference; lastKnownFileType = file.storyboard; name = Base; path = Base.lproj/Second.storyboard; sourceTree = "<group>"; };
		32AA1C15228DC5C40036E252 /* MZInterestsViewController.swift */ = {isa = PBXFileReference; lastKnownFileType = sourcecode.swift; path = MZInterestsViewController.swift; sourceTree = "<group>"; };
		32AA1C17228DC5E90036E252 /* MZInterestsCollectionViewCell.swift */ = {isa = PBXFileReference; lastKnownFileType = sourcecode.swift; path = MZInterestsCollectionViewCell.swift; sourceTree = "<group>"; };
		32AA1C19228DC6180036E252 /* MZLoginViewController.swift */ = {isa = PBXFileReference; lastKnownFileType = sourcecode.swift; path = MZLoginViewController.swift; sourceTree = "<group>"; };
		32AA1C1B228DC62B0036E252 /* MZSignUpViewController.swift */ = {isa = PBXFileReference; lastKnownFileType = sourcecode.swift; path = MZSignUpViewController.swift; sourceTree = "<group>"; };
		32AA1C1D228DC63C0036E252 /* MZAuthViewController.swift */ = {isa = PBXFileReference; lastKnownFileType = sourcecode.swift; path = MZAuthViewController.swift; sourceTree = "<group>"; };
		32AA1C20228DEE900036E252 /* MZHangoutCreationViewController.swift */ = {isa = PBXFileReference; lastKnownFileType = sourcecode.swift; path = MZHangoutCreationViewController.swift; sourceTree = "<group>"; };
		32AA1C22228DF62F0036E252 /* MZHangoutDescriptionViewController.swift */ = {isa = PBXFileReference; lastKnownFileType = sourcecode.swift; path = MZHangoutDescriptionViewController.swift; sourceTree = "<group>"; };
		32AB8221227E526000BD98D1 /* ZGUserProfileCollectionViewCell.swift */ = {isa = PBXFileReference; lastKnownFileType = sourcecode.swift; path = ZGUserProfileCollectionViewCell.swift; sourceTree = "<group>"; };
		32AB8223227E527D00BD98D1 /* ZGUserProfileViewController.swift */ = {isa = PBXFileReference; lastKnownFileType = sourcecode.swift; path = ZGUserProfileViewController.swift; sourceTree = "<group>"; };
		3D9FC336C61DA2527110FD23 /* Pods-BlindInUITests.release.xcconfig */ = {isa = PBXFileReference; includeInIndex = 1; lastKnownFileType = text.xcconfig; name = "Pods-BlindInUITests.release.xcconfig"; path = "Target Support Files/Pods-BlindInUITests/Pods-BlindInUITests.release.xcconfig"; sourceTree = "<group>"; };
		4110A44A917F91129B497CAB /* Pods_BlindInTests.framework */ = {isa = PBXFileReference; explicitFileType = wrapper.framework; includeInIndex = 0; path = Pods_BlindInTests.framework; sourceTree = BUILT_PRODUCTS_DIR; };
		6E1FA619F54E85D966466F28 /* Pods-BlindIn.release.xcconfig */ = {isa = PBXFileReference; includeInIndex = 1; lastKnownFileType = text.xcconfig; name = "Pods-BlindIn.release.xcconfig"; path = "Target Support Files/Pods-BlindIn/Pods-BlindIn.release.xcconfig"; sourceTree = "<group>"; };
		7636D7D6CCF946292D6B1CA6 /* Pods_BlindInUITests.framework */ = {isa = PBXFileReference; explicitFileType = wrapper.framework; includeInIndex = 0; path = Pods_BlindInUITests.framework; sourceTree = BUILT_PRODUCTS_DIR; };
		7DC59AC3B7B13952DA6A7CDF /* Pods-BlindIn.debug.xcconfig */ = {isa = PBXFileReference; includeInIndex = 1; lastKnownFileType = text.xcconfig; name = "Pods-BlindIn.debug.xcconfig"; path = "Target Support Files/Pods-BlindIn/Pods-BlindIn.debug.xcconfig"; sourceTree = "<group>"; };
		AAF45241557BE3ABED7FF698 /* Pods_BlindIn.framework */ = {isa = PBXFileReference; explicitFileType = wrapper.framework; includeInIndex = 0; path = Pods_BlindIn.framework; sourceTree = BUILT_PRODUCTS_DIR; };
		FB6B4CA0030176FC419CB326 /* Pods-BlindInTests.release.xcconfig */ = {isa = PBXFileReference; includeInIndex = 1; lastKnownFileType = text.xcconfig; name = "Pods-BlindInTests.release.xcconfig"; path = "Target Support Files/Pods-BlindInTests/Pods-BlindInTests.release.xcconfig"; sourceTree = "<group>"; };
/* End PBXFileReference section */

/* Begin PBXFrameworksBuildPhase section */
		3258DCD1227DCCBA0014B316 /* Frameworks */ = {
			isa = PBXFrameworksBuildPhase;
			buildActionMask = 2147483647;
			files = (
				DB5417ADA61BC1ACC45FFF14 /* Pods_BlindIn.framework in Frameworks */,
			);
			runOnlyForDeploymentPostprocessing = 0;
		};
		3258DCE5227DCCBE0014B316 /* Frameworks */ = {
			isa = PBXFrameworksBuildPhase;
			buildActionMask = 2147483647;
			files = (
				BD3DE6927E2A798BF3DB93A9 /* Pods_BlindInTests.framework in Frameworks */,
			);
			runOnlyForDeploymentPostprocessing = 0;
		};
		3258DCF0227DCCBE0014B316 /* Frameworks */ = {
			isa = PBXFrameworksBuildPhase;
			buildActionMask = 2147483647;
			files = (
				051D36D9DFBBD9FEC57B24D2 /* Pods_BlindInUITests.framework in Frameworks */,
			);
			runOnlyForDeploymentPostprocessing = 0;
		};
/* End PBXFrameworksBuildPhase section */

/* Begin PBXGroup section */
		2298F40425A7F0E784A1384C /* Frameworks */ = {
			isa = PBXGroup;
			children = (
				AAF45241557BE3ABED7FF698 /* Pods_BlindIn.framework */,
				4110A44A917F91129B497CAB /* Pods_BlindInTests.framework */,
				7636D7D6CCF946292D6B1CA6 /* Pods_BlindInUITests.framework */,
			);
			name = Frameworks;
			sourceTree = "<group>";
		};
		3258DCCB227DCCBA0014B316 = {
			isa = PBXGroup;
			children = (
				3258DCD6227DCCBA0014B316 /* BlindIn */,
				3258DCEB227DCCBE0014B316 /* BlindInTests */,
				3258DCF6227DCCBE0014B316 /* BlindInUITests */,
				3258DCD5227DCCBA0014B316 /* Products */,
				FB122979B54AA2A01C48213A /* Pods */,
				2298F40425A7F0E784A1384C /* Frameworks */,
			);
			sourceTree = "<group>";
		};
		3258DCD5227DCCBA0014B316 /* Products */ = {
			isa = PBXGroup;
			children = (
				3258DCD4227DCCBA0014B316 /* BlindIn.app */,
				3258DCE8227DCCBE0014B316 /* BlindInTests.xctest */,
				3258DCF3227DCCBE0014B316 /* BlindInUITests.xctest */,
			);
			name = Products;
			sourceTree = "<group>";
		};
		3258DCD6227DCCBA0014B316 /* BlindIn */ = {
			isa = PBXGroup;
			children = (
				3258DD07227DCD560014B316 /* helpers */,
				32AA1C14228DC57B0036E252 /* MZAuthenticationViewController */,
				32AA1C13228DC5620036E252 /* MZInterestsViewController */,
				32AA1C1F228DEDD30036E252 /* MZHangoutViewController */,
				32AB8220227E522E00BD98D1 /* ZGUserProfileViewController */,
				328A4C3A227E322500DFB85E /* ZGNewsFeedViewController */,
				3258DCD7227DCCBA0014B316 /* AppDelegate.swift */,
				3258DCD9227DCCBA0014B316 /* ViewController.swift */,
				3258DCDB227DCCBA0014B316 /* Main.storyboard */,
				329AB0C1228F34F7007234CE /* Second.storyboard */,
				3258DCDE227DCCBE0014B316 /* Assets.xcassets */,
				3258DCE0227DCCBE0014B316 /* LaunchScreen.storyboard */,
				3258DCE3227DCCBE0014B316 /* Info.plist */,
			);
			path = BlindIn;
			sourceTree = "<group>";
		};
		3258DCEB227DCCBE0014B316 /* BlindInTests */ = {
			isa = PBXGroup;
			children = (
				3258DCEC227DCCBE0014B316 /* BlindInTests.swift */,
				3258DCEE227DCCBE0014B316 /* Info.plist */,
			);
			path = BlindInTests;
			sourceTree = "<group>";
		};
		3258DCF6227DCCBE0014B316 /* BlindInUITests */ = {
			isa = PBXGroup;
			children = (
				3258DCF7227DCCBE0014B316 /* BlindInUITests.swift */,
				3258DCF9227DCCBE0014B316 /* Info.plist */,
			);
			path = BlindInUITests;
			sourceTree = "<group>";
		};
		3258DD07227DCD560014B316 /* helpers */ = {
			isa = PBXGroup;
			children = (
				3258DD0D227DCDDF0014B316 /* Rating.swift */,
				3258DD0C227DCDDF0014B316 /* UIView+Extentions.swift */,
				3258DD08227DCDCA0014B316 /* NetworkManager.swift */,
			);
			path = helpers;
			sourceTree = "<group>";
		};
		328A4C3A227E322500DFB85E /* ZGNewsFeedViewController */ = {
			isa = PBXGroup;
			children = (
				328A4C3B227E325C00DFB85E /* ZGNewsFeedTableViewCell.swift */,
				328A4C3D227E327200DFB85E /* ZGNewsFeedViewController.swift */,
			);
			path = ZGNewsFeedViewController;
			sourceTree = "<group>";
		};
		32AA1C13228DC5620036E252 /* MZInterestsViewController */ = {
			isa = PBXGroup;
			children = (
				32AA1C15228DC5C40036E252 /* MZInterestsViewController.swift */,
				32AA1C17228DC5E90036E252 /* MZInterestsCollectionViewCell.swift */,
			);
			path = MZInterestsViewController;
			sourceTree = "<group>";
		};
		32AA1C14228DC57B0036E252 /* MZAuthenticationViewController */ = {
			isa = PBXGroup;
			children = (
				32AA1C19228DC6180036E252 /* MZLoginViewController.swift */,
				32AA1C1B228DC62B0036E252 /* MZSignUpViewController.swift */,
				32AA1C1D228DC63C0036E252 /* MZAuthViewController.swift */,
			);
			path = MZAuthenticationViewController;
			sourceTree = "<group>";
		};
		32AA1C1F228DEDD30036E252 /* MZHangoutViewController */ = {
			isa = PBXGroup;
			children = (
				32AA1C20228DEE900036E252 /* MZHangoutCreationViewController.swift */,
				32AA1C22228DF62F0036E252 /* MZHangoutDescriptionViewController.swift */,
			);
			path = MZHangoutViewController;
			sourceTree = "<group>";
		};
		32AB8220227E522E00BD98D1 /* ZGUserProfileViewController */ = {
			isa = PBXGroup;
			children = (
				32AB8221227E526000BD98D1 /* ZGUserProfileCollectionViewCell.swift */,
				32AB8223227E527D00BD98D1 /* ZGUserProfileViewController.swift */,
			);
			path = ZGUserProfileViewController;
			sourceTree = "<group>";
		};
		FB122979B54AA2A01C48213A /* Pods */ = {
			isa = PBXGroup;
			children = (
				7DC59AC3B7B13952DA6A7CDF /* Pods-BlindIn.debug.xcconfig */,
				6E1FA619F54E85D966466F28 /* Pods-BlindIn.release.xcconfig */,
				292CEBE25B1306A3487B0D26 /* Pods-BlindInTests.debug.xcconfig */,
				FB6B4CA0030176FC419CB326 /* Pods-BlindInTests.release.xcconfig */,
				0D58DBD301ADDFF192E4F9B9 /* Pods-BlindInUITests.debug.xcconfig */,
				3D9FC336C61DA2527110FD23 /* Pods-BlindInUITests.release.xcconfig */,
			);
			path = Pods;
			sourceTree = "<group>";
		};
/* End PBXGroup section */

/* Begin PBXNativeTarget section */
		3258DCD3227DCCBA0014B316 /* BlindIn */ = {
			isa = PBXNativeTarget;
			buildConfigurationList = 3258DCFC227DCCBE0014B316 /* Build configuration list for PBXNativeTarget "BlindIn" */;
			buildPhases = (
				8508D7C8D30FE0E6B1035269 /* [CP] Check Pods Manifest.lock */,
				3258DCD0227DCCBA0014B316 /* Sources */,
				3258DCD1227DCCBA0014B316 /* Frameworks */,
				3258DCD2227DCCBA0014B316 /* Resources */,
				D4A2CD7848240CB6D030694D /* [CP] Embed Pods Frameworks */,
				8C0B5F51F674B5E34753DBA6 /* [CP] Copy Pods Resources */,
			);
			buildRules = (
			);
			dependencies = (
			);
			name = BlindIn;
			productName = BlindIn;
			productReference = 3258DCD4227DCCBA0014B316 /* BlindIn.app */;
			productType = "com.apple.product-type.application";
		};
		3258DCE7227DCCBE0014B316 /* BlindInTests */ = {
			isa = PBXNativeTarget;
			buildConfigurationList = 3258DCFF227DCCBE0014B316 /* Build configuration list for PBXNativeTarget "BlindInTests" */;
			buildPhases = (
				5D29B0CBF74779F3411D776A /* [CP] Check Pods Manifest.lock */,
				3258DCE4227DCCBE0014B316 /* Sources */,
				3258DCE5227DCCBE0014B316 /* Frameworks */,
				3258DCE6227DCCBE0014B316 /* Resources */,
			);
			buildRules = (
			);
			dependencies = (
				3258DCEA227DCCBE0014B316 /* PBXTargetDependency */,
			);
			name = BlindInTests;
			productName = BlindInTests;
			productReference = 3258DCE8227DCCBE0014B316 /* BlindInTests.xctest */;
			productType = "com.apple.product-type.bundle.unit-test";
		};
		3258DCF2227DCCBE0014B316 /* BlindInUITests */ = {
			isa = PBXNativeTarget;
			buildConfigurationList = 3258DD02227DCCBE0014B316 /* Build configuration list for PBXNativeTarget "BlindInUITests" */;
			buildPhases = (
				FBE2AEFA116F001AE7184AE5 /* [CP] Check Pods Manifest.lock */,
				3258DCEF227DCCBE0014B316 /* Sources */,
				3258DCF0227DCCBE0014B316 /* Frameworks */,
				3258DCF1227DCCBE0014B316 /* Resources */,
			);
			buildRules = (
			);
			dependencies = (
				3258DCF5227DCCBE0014B316 /* PBXTargetDependency */,
			);
			name = BlindInUITests;
			productName = BlindInUITests;
			productReference = 3258DCF3227DCCBE0014B316 /* BlindInUITests.xctest */;
			productType = "com.apple.product-type.bundle.ui-testing";
		};
/* End PBXNativeTarget section */

/* Begin PBXProject section */
		3258DCCC227DCCBA0014B316 /* Project object */ = {
			isa = PBXProject;
			attributes = {
				LastSwiftUpdateCheck = 1010;
				LastUpgradeCheck = 1010;
				ORGANIZATIONNAME = "Zyad Galal";
				TargetAttributes = {
					3258DCD3227DCCBA0014B316 = {
						CreatedOnToolsVersion = 10.1;
					};
					3258DCE7227DCCBE0014B316 = {
						CreatedOnToolsVersion = 10.1;
						TestTargetID = 3258DCD3227DCCBA0014B316;
					};
					3258DCF2227DCCBE0014B316 = {
						CreatedOnToolsVersion = 10.1;
						TestTargetID = 3258DCD3227DCCBA0014B316;
					};
				};
			};
			buildConfigurationList = 3258DCCF227DCCBA0014B316 /* Build configuration list for PBXProject "BlindIn" */;
			compatibilityVersion = "Xcode 9.3";
			developmentRegion = en;
			hasScannedForEncodings = 0;
			knownRegions = (
				en,
				Base,
			);
			mainGroup = 3258DCCB227DCCBA0014B316;
			productRefGroup = 3258DCD5227DCCBA0014B316 /* Products */;
			projectDirPath = "";
			projectRoot = "";
			targets = (
				3258DCD3227DCCBA0014B316 /* BlindIn */,
				3258DCE7227DCCBE0014B316 /* BlindInTests */,
				3258DCF2227DCCBE0014B316 /* BlindInUITests */,
			);
		};
/* End PBXProject section */

/* Begin PBXResourcesBuildPhase section */
		3258DCD2227DCCBA0014B316 /* Resources */ = {
			isa = PBXResourcesBuildPhase;
			buildActionMask = 2147483647;
			files = (
				329AB0C3228F34F8007234CE /* Second.storyboard in Resources */,
				3258DCE2227DCCBE0014B316 /* LaunchScreen.storyboard in Resources */,
				3258DCDF227DCCBE0014B316 /* Assets.xcassets in Resources */,
				3258DCDD227DCCBA0014B316 /* Main.storyboard in Resources */,
			);
			runOnlyForDeploymentPostprocessing = 0;
		};
		3258DCE6227DCCBE0014B316 /* Resources */ = {
			isa = PBXResourcesBuildPhase;
			buildActionMask = 2147483647;
			files = (
			);
			runOnlyForDeploymentPostprocessing = 0;
		};
		3258DCF1227DCCBE0014B316 /* Resources */ = {
			isa = PBXResourcesBuildPhase;
			buildActionMask = 2147483647;
			files = (
			);
			runOnlyForDeploymentPostprocessing = 0;
		};
/* End PBXResourcesBuildPhase section */

/* Begin PBXShellScriptBuildPhase section */
		5D29B0CBF74779F3411D776A /* [CP] Check Pods Manifest.lock */ = {
			isa = PBXShellScriptBuildPhase;
			buildActionMask = 2147483647;
			files = (
			);
			inputFileListPaths = (
			);
			inputPaths = (
				"${PODS_PODFILE_DIR_PATH}/Podfile.lock",
				"${PODS_ROOT}/Manifest.lock",
			);
			name = "[CP] Check Pods Manifest.lock";
			outputFileListPaths = (
			);
			outputPaths = (
				"$(DERIVED_FILE_DIR)/Pods-BlindInTests-checkManifestLockResult.txt",
			);
			runOnlyForDeploymentPostprocessing = 0;
			shellPath = /bin/sh;
			shellScript = "diff \"${PODS_PODFILE_DIR_PATH}/Podfile.lock\" \"${PODS_ROOT}/Manifest.lock\" > /dev/null\nif [ $? != 0 ] ; then\n    # print error to STDERR\n    echo \"error: The sandbox is not in sync with the Podfile.lock. Run 'pod install' or update your CocoaPods installation.\" >&2\n    exit 1\nfi\n# This output is used by Xcode 'outputs' to avoid re-running this script phase.\necho \"SUCCESS\" > \"${SCRIPT_OUTPUT_FILE_0}\"\n";
			showEnvVarsInLog = 0;
		};
		8508D7C8D30FE0E6B1035269 /* [CP] Check Pods Manifest.lock */ = {
			isa = PBXShellScriptBuildPhase;
			buildActionMask = 2147483647;
			files = (
			);
			inputFileListPaths = (
			);
			inputPaths = (
				"${PODS_PODFILE_DIR_PATH}/Podfile.lock",
				"${PODS_ROOT}/Manifest.lock",
			);
			name = "[CP] Check Pods Manifest.lock";
			outputFileListPaths = (
			);
			outputPaths = (
				"$(DERIVED_FILE_DIR)/Pods-BlindIn-checkManifestLockResult.txt",
			);
			runOnlyForDeploymentPostprocessing = 0;
			shellPath = /bin/sh;
			shellScript = "diff \"${PODS_PODFILE_DIR_PATH}/Podfile.lock\" \"${PODS_ROOT}/Manifest.lock\" > /dev/null\nif [ $? != 0 ] ; then\n    # print error to STDERR\n    echo \"error: The sandbox is not in sync with the Podfile.lock. Run 'pod install' or update your CocoaPods installation.\" >&2\n    exit 1\nfi\n# This output is used by Xcode 'outputs' to avoid re-running this script phase.\necho \"SUCCESS\" > \"${SCRIPT_OUTPUT_FILE_0}\"\n";
			showEnvVarsInLog = 0;
		};
		8C0B5F51F674B5E34753DBA6 /* [CP] Copy Pods Resources */ = {
			isa = PBXShellScriptBuildPhase;
			buildActionMask = 2147483647;
			files = (
			);
			inputFileListPaths = (
			);
			inputPaths = (
				"${PODS_ROOT}/Target Support Files/Pods-BlindIn/Pods-BlindIn-resources.sh",
				"${PODS_ROOT}/GoogleMaps/Maps/Frameworks/GoogleMaps.framework/Resources/GoogleMaps.bundle",
			);
			name = "[CP] Copy Pods Resources";
			outputFileListPaths = (
			);
			outputPaths = (
				"${TARGET_BUILD_DIR}/${UNLOCALIZED_RESOURCES_FOLDER_PATH}/GoogleMaps.bundle",
			);
			runOnlyForDeploymentPostprocessing = 0;
			shellPath = /bin/sh;
			shellScript = "\"${PODS_ROOT}/Target Support Files/Pods-BlindIn/Pods-BlindIn-resources.sh\"\n";
			showEnvVarsInLog = 0;
		};
		D4A2CD7848240CB6D030694D /* [CP] Embed Pods Frameworks */ = {
			isa = PBXShellScriptBuildPhase;
			buildActionMask = 2147483647;
			files = (
			);
			inputFileListPaths = (
			);
			inputPaths = (
				"${PODS_ROOT}/Target Support Files/Pods-BlindIn/Pods-BlindIn-frameworks.sh",
				"${BUILT_PRODUCTS_DIR}/Alamofire/Alamofire.framework",
				"${BUILT_PRODUCTS_DIR}/FTIndicator/FTIndicator.framework",
				"${BUILT_PRODUCTS_DIR}/IQKeyboardManagerSwift/IQKeyboardManagerSwift.framework",
				"${BUILT_PRODUCTS_DIR}/MOLH/MOLH.framework",
				"${BUILT_PRODUCTS_DIR}/TextFieldEffects/TextFieldEffects.framework",
			);
			name = "[CP] Embed Pods Frameworks";
			outputFileListPaths = (
			);
			outputPaths = (
				"${TARGET_BUILD_DIR}/${FRAMEWORKS_FOLDER_PATH}/Alamofire.framework",
				"${TARGET_BUILD_DIR}/${FRAMEWORKS_FOLDER_PATH}/FTIndicator.framework",
				"${TARGET_BUILD_DIR}/${FRAMEWORKS_FOLDER_PATH}/IQKeyboardManagerSwift.framework",
				"${TARGET_BUILD_DIR}/${FRAMEWORKS_FOLDER_PATH}/MOLH.framework",
				"${TARGET_BUILD_DIR}/${FRAMEWORKS_FOLDER_PATH}/TextFieldEffects.framework",
			);
			runOnlyForDeploymentPostprocessing = 0;
			shellPath = /bin/sh;
			shellScript = "\"${PODS_ROOT}/Target Support Files/Pods-BlindIn/Pods-BlindIn-frameworks.sh\"\n";
			showEnvVarsInLog = 0;
		};
		FBE2AEFA116F001AE7184AE5 /* [CP] Check Pods Manifest.lock */ = {
			isa = PBXShellScriptBuildPhase;
			buildActionMask = 2147483647;
			files = (
			);
			inputFileListPaths = (
			);
			inputPaths = (
				"${PODS_PODFILE_DIR_PATH}/Podfile.lock",
				"${PODS_ROOT}/Manifest.lock",
			);
			name = "[CP] Check Pods Manifest.lock";
			outputFileListPaths = (
			);
			outputPaths = (
				"$(DERIVED_FILE_DIR)/Pods-BlindInUITests-checkManifestLockResult.txt",
			);
			runOnlyForDeploymentPostprocessing = 0;
			shellPath = /bin/sh;
			shellScript = "diff \"${PODS_PODFILE_DIR_PATH}/Podfile.lock\" \"${PODS_ROOT}/Manifest.lock\" > /dev/null\nif [ $? != 0 ] ; then\n    # print error to STDERR\n    echo \"error: The sandbox is not in sync with the Podfile.lock. Run 'pod install' or update your CocoaPods installation.\" >&2\n    exit 1\nfi\n# This output is used by Xcode 'outputs' to avoid re-running this script phase.\necho \"SUCCESS\" > \"${SCRIPT_OUTPUT_FILE_0}\"\n";
			showEnvVarsInLog = 0;
		};
/* End PBXShellScriptBuildPhase section */

/* Begin PBXSourcesBuildPhase section */
		3258DCD0227DCCBA0014B316 /* Sources */ = {
			isa = PBXSourcesBuildPhase;
			buildActionMask = 2147483647;
			files = (
				32AB8222227E526000BD98D1 /* ZGUserProfileCollectionViewCell.swift in Sources */,
				32AB8224227E527D00BD98D1 /* ZGUserProfileViewController.swift in Sources */,
				32AA1C1C228DC62B0036E252 /* MZSignUpViewController.swift in Sources */,
				32AA1C23228DF62F0036E252 /* MZHangoutDescriptionViewController.swift in Sources */,
				3258DD09227DCDCA0014B316 /* NetworkManager.swift in Sources */,
				32AA1C16228DC5C40036E252 /* MZInterestsViewController.swift in Sources */,
				3258DCDA227DCCBA0014B316 /* ViewController.swift in Sources */,
				32AA1C1A228DC6180036E252 /* MZLoginViewController.swift in Sources */,
				3258DD11227DCDDF0014B316 /* UIView+Extentions.swift in Sources */,
				328A4C3C227E325C00DFB85E /* ZGNewsFeedTableViewCell.swift in Sources */,
				32AA1C21228DEE900036E252 /* MZHangoutCreationViewController.swift in Sources */,
				32AA1C18228DC5E90036E252 /* MZInterestsCollectionViewCell.swift in Sources */,
				3258DCD8227DCCBA0014B316 /* AppDelegate.swift in Sources */,
				32AA1C1E228DC63C0036E252 /* MZAuthViewController.swift in Sources */,
				3258DD12227DCDDF0014B316 /* Rating.swift in Sources */,
				328A4C3E227E327200DFB85E /* ZGNewsFeedViewController.swift in Sources */,
			);
			runOnlyForDeploymentPostprocessing = 0;
		};
		3258DCE4227DCCBE0014B316 /* Sources */ = {
			isa = PBXSourcesBuildPhase;
			buildActionMask = 2147483647;
			files = (
				3258DCED227DCCBE0014B316 /* BlindInTests.swift in Sources */,
			);
			runOnlyForDeploymentPostprocessing = 0;
		};
		3258DCEF227DCCBE0014B316 /* Sources */ = {
			isa = PBXSourcesBuildPhase;
			buildActionMask = 2147483647;
			files = (
				3258DCF8227DCCBE0014B316 /* BlindInUITests.swift in Sources */,
			);
			runOnlyForDeploymentPostprocessing = 0;
		};
/* End PBXSourcesBuildPhase section */

/* Begin PBXTargetDependency section */
		3258DCEA227DCCBE0014B316 /* PBXTargetDependency */ = {
			isa = PBXTargetDependency;
			target = 3258DCD3227DCCBA0014B316 /* BlindIn */;
			targetProxy = 3258DCE9227DCCBE0014B316 /* PBXContainerItemProxy */;
		};
		3258DCF5227DCCBE0014B316 /* PBXTargetDependency */ = {
			isa = PBXTargetDependency;
			target = 3258DCD3227DCCBA0014B316 /* BlindIn */;
			targetProxy = 3258DCF4227DCCBE0014B316 /* PBXContainerItemProxy */;
		};
/* End PBXTargetDependency section */

/* Begin PBXVariantGroup section */
		3258DCDB227DCCBA0014B316 /* Main.storyboard */ = {
			isa = PBXVariantGroup;
			children = (
				3258DCDC227DCCBA0014B316 /* Base */,
			);
			name = Main.storyboard;
			sourceTree = "<group>";
		};
		3258DCE0227DCCBE0014B316 /* LaunchScreen.storyboard */ = {
			isa = PBXVariantGroup;
			children = (
				3258DCE1227DCCBE0014B316 /* Base */,
			);
			name = LaunchScreen.storyboard;
			sourceTree = "<group>";
		};
		329AB0C1228F34F7007234CE /* Second.storyboard */ = {
			isa = PBXVariantGroup;
			children = (
				329AB0C2228F34F7007234CE /* Base */,
			);
			name = Second.storyboard;
			sourceTree = "<group>";
		};
/* End PBXVariantGroup section */

/* Begin XCBuildConfiguration section */
		3258DCFA227DCCBE0014B316 /* Debug */ = {
			isa = XCBuildConfiguration;
			buildSettings = {
				ALWAYS_SEARCH_USER_PATHS = NO;
				CLANG_ANALYZER_NONNULL = YES;
				CLANG_ANALYZER_NUMBER_OBJECT_CONVERSION = YES_AGGRESSIVE;
				CLANG_CXX_LANGUAGE_STANDARD = "gnu++14";
				CLANG_CXX_LIBRARY = "libc++";
				CLANG_ENABLE_MODULES = YES;
				CLANG_ENABLE_OBJC_ARC = YES;
				CLANG_ENABLE_OBJC_WEAK = YES;
				CLANG_WARN_BLOCK_CAPTURE_AUTORELEASING = YES;
				CLANG_WARN_BOOL_CONVERSION = YES;
				CLANG_WARN_COMMA = YES;
				CLANG_WARN_CONSTANT_CONVERSION = YES;
				CLANG_WARN_DEPRECATED_OBJC_IMPLEMENTATIONS = YES;
				CLANG_WARN_DIRECT_OBJC_ISA_USAGE = YES_ERROR;
				CLANG_WARN_DOCUMENTATION_COMMENTS = YES;
				CLANG_WARN_EMPTY_BODY = YES;
				CLANG_WARN_ENUM_CONVERSION = YES;
				CLANG_WARN_INFINITE_RECURSION = YES;
				CLANG_WARN_INT_CONVERSION = YES;
				CLANG_WARN_NON_LITERAL_NULL_CONVERSION = YES;
				CLANG_WARN_OBJC_IMPLICIT_RETAIN_SELF = YES;
				CLANG_WARN_OBJC_LITERAL_CONVERSION = YES;
				CLANG_WARN_OBJC_ROOT_CLASS = YES_ERROR;
				CLANG_WARN_RANGE_LOOP_ANALYSIS = YES;
				CLANG_WARN_STRICT_PROTOTYPES = YES;
				CLANG_WARN_SUSPICIOUS_MOVE = YES;
				CLANG_WARN_UNGUARDED_AVAILABILITY = YES_AGGRESSIVE;
				CLANG_WARN_UNREACHABLE_CODE = YES;
				CLANG_WARN__DUPLICATE_METHOD_MATCH = YES;
				CODE_SIGN_IDENTITY = "iPhone Developer";
				COPY_PHASE_STRIP = NO;
				DEBUG_INFORMATION_FORMAT = dwarf;
				ENABLE_STRICT_OBJC_MSGSEND = YES;
				ENABLE_TESTABILITY = YES;
				GCC_C_LANGUAGE_STANDARD = gnu11;
				GCC_DYNAMIC_NO_PIC = NO;
				GCC_NO_COMMON_BLOCKS = YES;
				GCC_OPTIMIZATION_LEVEL = 0;
				GCC_PREPROCESSOR_DEFINITIONS = (
					"DEBUG=1",
					"$(inherited)",
				);
				GCC_WARN_64_TO_32_BIT_CONVERSION = YES;
				GCC_WARN_ABOUT_RETURN_TYPE = YES_ERROR;
				GCC_WARN_UNDECLARED_SELECTOR = YES;
				GCC_WARN_UNINITIALIZED_AUTOS = YES_AGGRESSIVE;
				GCC_WARN_UNUSED_FUNCTION = YES;
				GCC_WARN_UNUSED_VARIABLE = YES;
				IPHONEOS_DEPLOYMENT_TARGET = 12.1;
				MTL_ENABLE_DEBUG_INFO = INCLUDE_SOURCE;
				MTL_FAST_MATH = YES;
				ONLY_ACTIVE_ARCH = YES;
				SDKROOT = iphoneos;
				SWIFT_ACTIVE_COMPILATION_CONDITIONS = DEBUG;
				SWIFT_OPTIMIZATION_LEVEL = "-Onone";
			};
			name = Debug;
		};
		3258DCFB227DCCBE0014B316 /* Release */ = {
			isa = XCBuildConfiguration;
			buildSettings = {
				ALWAYS_SEARCH_USER_PATHS = NO;
				CLANG_ANALYZER_NONNULL = YES;
				CLANG_ANALYZER_NUMBER_OBJECT_CONVERSION = YES_AGGRESSIVE;
				CLANG_CXX_LANGUAGE_STANDARD = "gnu++14";
				CLANG_CXX_LIBRARY = "libc++";
				CLANG_ENABLE_MODULES = YES;
				CLANG_ENABLE_OBJC_ARC = YES;
				CLANG_ENABLE_OBJC_WEAK = YES;
				CLANG_WARN_BLOCK_CAPTURE_AUTORELEASING = YES;
				CLANG_WARN_BOOL_CONVERSION = YES;
				CLANG_WARN_COMMA = YES;
				CLANG_WARN_CONSTANT_CONVERSION = YES;
				CLANG_WARN_DEPRECATED_OBJC_IMPLEMENTATIONS = YES;
				CLANG_WARN_DIRECT_OBJC_ISA_USAGE = YES_ERROR;
				CLANG_WARN_DOCUMENTATION_COMMENTS = YES;
				CLANG_WARN_EMPTY_BODY = YES;
				CLANG_WARN_ENUM_CONVERSION = YES;
				CLANG_WARN_INFINITE_RECURSION = YES;
				CLANG_WARN_INT_CONVERSION = YES;
				CLANG_WARN_NON_LITERAL_NULL_CONVERSION = YES;
				CLANG_WARN_OBJC_IMPLICIT_RETAIN_SELF = YES;
				CLANG_WARN_OBJC_LITERAL_CONVERSION = YES;
				CLANG_WARN_OBJC_ROOT_CLASS = YES_ERROR;
				CLANG_WARN_RANGE_LOOP_ANALYSIS = YES;
				CLANG_WARN_STRICT_PROTOTYPES = YES;
				CLANG_WARN_SUSPICIOUS_MOVE = YES;
				CLANG_WARN_UNGUARDED_AVAILABILITY = YES_AGGRESSIVE;
				CLANG_WARN_UNREACHABLE_CODE = YES;
				CLANG_WARN__DUPLICATE_METHOD_MATCH = YES;
				CODE_SIGN_IDENTITY = "iPhone Developer";
				COPY_PHASE_STRIP = NO;
				DEBUG_INFORMATION_FORMAT = "dwarf-with-dsym";
				ENABLE_NS_ASSERTIONS = NO;
				ENABLE_STRICT_OBJC_MSGSEND = YES;
				GCC_C_LANGUAGE_STANDARD = gnu11;
				GCC_NO_COMMON_BLOCKS = YES;
				GCC_WARN_64_TO_32_BIT_CONVERSION = YES;
				GCC_WARN_ABOUT_RETURN_TYPE = YES_ERROR;
				GCC_WARN_UNDECLARED_SELECTOR = YES;
				GCC_WARN_UNINITIALIZED_AUTOS = YES_AGGRESSIVE;
				GCC_WARN_UNUSED_FUNCTION = YES;
				GCC_WARN_UNUSED_VARIABLE = YES;
				IPHONEOS_DEPLOYMENT_TARGET = 12.1;
				MTL_ENABLE_DEBUG_INFO = NO;
				MTL_FAST_MATH = YES;
				SDKROOT = iphoneos;
				SWIFT_COMPILATION_MODE = wholemodule;
				SWIFT_OPTIMIZATION_LEVEL = "-O";
				VALIDATE_PRODUCT = YES;
			};
			name = Release;
		};
		3258DCFD227DCCBE0014B316 /* Debug */ = {
			isa = XCBuildConfiguration;
			baseConfigurationReference = 7DC59AC3B7B13952DA6A7CDF /* Pods-BlindIn.debug.xcconfig */;
			buildSettings = {
				ASSETCATALOG_COMPILER_APPICON_NAME = AppIcon;
				CODE_SIGN_STYLE = Automatic;
				DEVELOPMENT_TEAM = "";
				INFOPLIST_FILE = BlindIn/Info.plist;
				LD_RUNPATH_SEARCH_PATHS = (
					"$(inherited)",
					"@executable_path/Frameworks",
				);
				PRODUCT_BUNDLE_IDENTIFIER = com.BlindInCo.BlindIn;
				PRODUCT_NAME = "$(TARGET_NAME)";
				SWIFT_VERSION = 4.2;
				TARGETED_DEVICE_FAMILY = "1,2";
			};
			name = Debug;
		};
		3258DCFE227DCCBE0014B316 /* Release */ = {
			isa = XCBuildConfiguration;
			baseConfigurationReference = 6E1FA619F54E85D966466F28 /* Pods-BlindIn.release.xcconfig */;
			buildSettings = {
				ASSETCATALOG_COMPILER_APPICON_NAME = AppIcon;
				CODE_SIGN_STYLE = Automatic;
				DEVELOPMENT_TEAM = "";
				INFOPLIST_FILE = BlindIn/Info.plist;
				LD_RUNPATH_SEARCH_PATHS = (
					"$(inherited)",
					"@executable_path/Frameworks",
				);
				PRODUCT_BUNDLE_IDENTIFIER = com.BlindInCo.BlindIn;
				PRODUCT_NAME = "$(TARGET_NAME)";
				SWIFT_VERSION = 4.2;
				TARGETED_DEVICE_FAMILY = "1,2";
			};
			name = Release;
		};
		3258DD00227DCCBE0014B316 /* Debug */ = {
			isa = XCBuildConfiguration;
			baseConfigurationReference = 292CEBE25B1306A3487B0D26 /* Pods-BlindInTests.debug.xcconfig */;
			buildSettings = {
				ALWAYS_EMBED_SWIFT_STANDARD_LIBRARIES = YES;
				BUNDLE_LOADER = "$(TEST_HOST)";
				CODE_SIGN_STYLE = Automatic;
				DEVELOPMENT_TEAM = MLXYZ7TJ5Q;
				INFOPLIST_FILE = BlindInTests/Info.plist;
				LD_RUNPATH_SEARCH_PATHS = (
					"$(inherited)",
					"@executable_path/Frameworks",
					"@loader_path/Frameworks",
				);
				PRODUCT_BUNDLE_IDENTIFIER = com.BlindInCo.BlindInTests;
				PRODUCT_NAME = "$(TARGET_NAME)";
				SWIFT_VERSION = 4.2;
				TARGETED_DEVICE_FAMILY = "1,2";
				TEST_HOST = "$(BUILT_PRODUCTS_DIR)/BlindIn.app/BlindIn";
			};
			name = Debug;
		};
		3258DD01227DCCBE0014B316 /* Release */ = {
			isa = XCBuildConfiguration;
			baseConfigurationReference = FB6B4CA0030176FC419CB326 /* Pods-BlindInTests.release.xcconfig */;
			buildSettings = {
				ALWAYS_EMBED_SWIFT_STANDARD_LIBRARIES = YES;
				BUNDLE_LOADER = "$(TEST_HOST)";
				CODE_SIGN_STYLE = Automatic;
				DEVELOPMENT_TEAM = MLXYZ7TJ5Q;
				INFOPLIST_FILE = BlindInTests/Info.plist;
				LD_RUNPATH_SEARCH_PATHS = (
					"$(inherited)",
					"@executable_path/Frameworks",
					"@loader_path/Frameworks",
				);
				PRODUCT_BUNDLE_IDENTIFIER = com.BlindInCo.BlindInTests;
				PRODUCT_NAME = "$(TARGET_NAME)";
				SWIFT_VERSION = 4.2;
				TARGETED_DEVICE_FAMILY = "1,2";
				TEST_HOST = "$(BUILT_PRODUCTS_DIR)/BlindIn.app/BlindIn";
			};
			name = Release;
		};
		3258DD03227DCCBE0014B316 /* Debug */ = {
			isa = XCBuildConfiguration;
			baseConfigurationReference = 0D58DBD301ADDFF192E4F9B9 /* Pods-BlindInUITests.debug.xcconfig */;
			buildSettings = {
				ALWAYS_EMBED_SWIFT_STANDARD_LIBRARIES = YES;
				CODE_SIGN_STYLE = Automatic;
				DEVELOPMENT_TEAM = MLXYZ7TJ5Q;
				INFOPLIST_FILE = BlindInUITests/Info.plist;
				LD_RUNPATH_SEARCH_PATHS = (
					"$(inherited)",
					"@executable_path/Frameworks",
					"@loader_path/Frameworks",
				);
				PRODUCT_BUNDLE_IDENTIFIER = com.BlindInCo.BlindInUITests;
				PRODUCT_NAME = "$(TARGET_NAME)";
				SWIFT_VERSION = 4.2;
				TARGETED_DEVICE_FAMILY = "1,2";
				TEST_TARGET_NAME = BlindIn;
			};
			name = Debug;
		};
		3258DD04227DCCBE0014B316 /* Release */ = {
			isa = XCBuildConfiguration;
			baseConfigurationReference = 3D9FC336C61DA2527110FD23 /* Pods-BlindInUITests.release.xcconfig */;
			buildSettings = {
				ALWAYS_EMBED_SWIFT_STANDARD_LIBRARIES = YES;
				CODE_SIGN_STYLE = Automatic;
				DEVELOPMENT_TEAM = MLXYZ7TJ5Q;
				INFOPLIST_FILE = BlindInUITests/Info.plist;
				LD_RUNPATH_SEARCH_PATHS = (
					"$(inherited)",
					"@executable_path/Frameworks",
					"@loader_path/Frameworks",
				);
				PRODUCT_BUNDLE_IDENTIFIER = com.BlindInCo.BlindInUITests;
				PRODUCT_NAME = "$(TARGET_NAME)";
				SWIFT_VERSION = 4.2;
				TARGETED_DEVICE_FAMILY = "1,2";
				TEST_TARGET_NAME = BlindIn;
			};
			name = Release;
		};
/* End XCBuildConfiguration section */

/* Begin XCConfigurationList section */
		3258DCCF227DCCBA0014B316 /* Build configuration list for PBXProject "BlindIn" */ = {
			isa = XCConfigurationList;
			buildConfigurations = (
				3258DCFA227DCCBE0014B316 /* Debug */,
				3258DCFB227DCCBE0014B316 /* Release */,
			);
			defaultConfigurationIsVisible = 0;
			defaultConfigurationName = Release;
		};
		3258DCFC227DCCBE0014B316 /* Build configuration list for PBXNativeTarget "BlindIn" */ = {
			isa = XCConfigurationList;
			buildConfigurations = (
				3258DCFD227DCCBE0014B316 /* Debug */,
				3258DCFE227DCCBE0014B316 /* Release */,
			);
			defaultConfigurationIsVisible = 0;
			defaultConfigurationName = Release;
		};
		3258DCFF227DCCBE0014B316 /* Build configuration list for PBXNativeTarget "BlindInTests" */ = {
			isa = XCConfigurationList;
			buildConfigurations = (
				3258DD00227DCCBE0014B316 /* Debug */,
				3258DD01227DCCBE0014B316 /* Release */,
			);
			defaultConfigurationIsVisible = 0;
			defaultConfigurationName = Release;
		};
		3258DD02227DCCBE0014B316 /* Build configuration list for PBXNativeTarget "BlindInUITests" */ = {
			isa = XCConfigurationList;
			buildConfigurations = (
				3258DD03227DCCBE0014B316 /* Debug */,
				3258DD04227DCCBE0014B316 /* Release */,
			);
			defaultConfigurationIsVisible = 0;
			defaultConfigurationName = Release;
		};
/* End XCConfigurationList section */
	};
	rootObject = 3258DCCC227DCCBA0014B316 /* Project object */;
}
