// !$*UTF8*$!
{
	archiveVersion = 1;
	classes = {
	};
	objectVersion = 51;
	objects = {

/* Begin PBXBuildFile section */
		051D36D9DFBBD9FEC57B24D2 /* Pods_BlindInUITests.framework in Frameworks */ = {isa = PBXBuildFile; fileRef = 7636D7D6CCF946292D6B1CA6 /* Pods_BlindInUITests.framework */; };
		321B509622B6A85C00085670 /* ZGUserProfilePostsTableViewCell.swift in Sources */ = {isa = PBXBuildFile; fileRef = 321B509522B6A85C00085670 /* ZGUserProfilePostsTableViewCell.swift */; };
		321B509822B6B56400085670 /* ZGUserProfileBreifTableViewCell.swift in Sources */ = {isa = PBXBuildFile; fileRef = 321B509722B6B56400085670 /* ZGUserProfileBreifTableViewCell.swift */; };
		321B509A22B6B92A00085670 /* MyBriefTableViewCell.swift in Sources */ = {isa = PBXBuildFile; fileRef = 321B509922B6B92A00085670 /* MyBriefTableViewCell.swift */; };
		321B509E22B6C37F00085670 /* ExploreTableViewCell.swift in Sources */ = {isa = PBXBuildFile; fileRef = 321B509D22B6C37F00085670 /* ExploreTableViewCell.swift */; };
		321B50A022B6C43E00085670 /* ExploreViewController.swift in Sources */ = {isa = PBXBuildFile; fileRef = 321B509F22B6C43E00085670 /* ExploreViewController.swift */; };
		321B50A222B6D01700085670 /* ZGPostsContainerViewController.swift in Sources */ = {isa = PBXBuildFile; fileRef = 321B50A122B6D01700085670 /* ZGPostsContainerViewController.swift */; };
		321B50A522B7C9C900085670 /* HangoutProfile.storyboard in Resources */ = {isa = PBXBuildFile; fileRef = 321B50A422B7C9C900085670 /* HangoutProfile.storyboard */; };
		322DEEA322A3571600408EC9 /* MZInviteFromMapViewController.swift in Sources */ = {isa = PBXBuildFile; fileRef = 322DEEA222A3571600408EC9 /* MZInviteFromMapViewController.swift */; };
		322DEEA722A368C100408EC9 /* MZInviteFromCollectionViewController.swift in Sources */ = {isa = PBXBuildFile; fileRef = 322DEEA622A368C100408EC9 /* MZInviteFromCollectionViewController.swift */; };
		322DEEA922A368EE00408EC9 /* MZNearbyMemberCollectionViewCell.swift in Sources */ = {isa = PBXBuildFile; fileRef = 322DEEA822A368EE00408EC9 /* MZNearbyMemberCollectionViewCell.swift */; };
		322DEEAB22A3690300408EC9 /* MZBestiesCollectionViewCell.swift in Sources */ = {isa = PBXBuildFile; fileRef = 322DEEAA22A3690300408EC9 /* MZBestiesCollectionViewCell.swift */; };
		3258DCD8227DCCBA0014B316 /* AppDelegate.swift in Sources */ = {isa = PBXBuildFile; fileRef = 3258DCD7227DCCBA0014B316 /* AppDelegate.swift */; };
		3258DCDA227DCCBA0014B316 /* ViewController.swift in Sources */ = {isa = PBXBuildFile; fileRef = 3258DCD9227DCCBA0014B316 /* ViewController.swift */; };
		3258DCDD227DCCBA0014B316 /* Main.storyboard in Resources */ = {isa = PBXBuildFile; fileRef = 3258DCDB227DCCBA0014B316 /* Main.storyboard */; };
		3258DCDF227DCCBE0014B316 /* Assets.xcassets in Resources */ = {isa = PBXBuildFile; fileRef = 3258DCDE227DCCBE0014B316 /* Assets.xcassets */; };
		3258DCE2227DCCBE0014B316 /* LaunchScreen.storyboard in Resources */ = {isa = PBXBuildFile; fileRef = 3258DCE0227DCCBE0014B316 /* LaunchScreen.storyboard */; };
		3258DCED227DCCBE0014B316 /* BlindInTests.swift in Sources */ = {isa = PBXBuildFile; fileRef = 3258DCEC227DCCBE0014B316 /* BlindInTests.swift */; };
		3258DCF8227DCCBE0014B316 /* BlindInUITests.swift in Sources */ = {isa = PBXBuildFile; fileRef = 3258DCF7227DCCBE0014B316 /* BlindInUITests.swift */; };
		3258DD09227DCDCA0014B316 /* NetworkManager.swift in Sources */ = {isa = PBXBuildFile; fileRef = 3258DD08227DCDCA0014B316 /* NetworkManager.swift */; };
		3258DD11227DCDDF0014B316 /* UIView+Extentions.swift in Sources */ = {isa = PBXBuildFile; fileRef = 3258DD0C227DCDDF0014B316 /* UIView+Extentions.swift */; };
		3258DD12227DCDDF0014B316 /* Rating.swift in Sources */ = {isa = PBXBuildFile; fileRef = 3258DD0D227DCDDF0014B316 /* Rating.swift */; };
		325FB0B822B93DDE00844851 /* TabViewController.swift in Sources */ = {isa = PBXBuildFile; fileRef = 325FB0B722B93DDE00844851 /* TabViewController.swift */; };
		325FB0BB22B94F2A00844851 /* ZGEditProfileViewController.swift in Sources */ = {isa = PBXBuildFile; fileRef = 325FB0BA22B94F2A00844851 /* ZGEditProfileViewController.swift */; };
		326241BC22B53AE30085F643 /* MZNotificationViewController.swift in Sources */ = {isa = PBXBuildFile; fileRef = 326241BB22B53AE30085F643 /* MZNotificationViewController.swift */; };
		326241BF22B53FE50085F643 /* MZHangoutNotificationViewController.swift in Sources */ = {isa = PBXBuildFile; fileRef = 326241BE22B53FE50085F643 /* MZHangoutNotificationViewController.swift */; };
		326241C222B5400F0085F643 /* MZHangoutNotificationTableViewCell.swift in Sources */ = {isa = PBXBuildFile; fileRef = 326241C022B5400F0085F643 /* MZHangoutNotificationTableViewCell.swift */; };
		326241C322B5400F0085F643 /* MZHangoutNotificationTableViewCell.xib in Resources */ = {isa = PBXBuildFile; fileRef = 326241C122B5400F0085F643 /* MZHangoutNotificationTableViewCell.xib */; };
		326241C622B544620085F643 /* MZHangoutAddPostTableViewCell.swift in Sources */ = {isa = PBXBuildFile; fileRef = 326241C422B544620085F643 /* MZHangoutAddPostTableViewCell.swift */; };
		326241C722B544620085F643 /* MZHangoutAddPostTableViewCell.xib in Resources */ = {isa = PBXBuildFile; fileRef = 326241C522B544620085F643 /* MZHangoutAddPostTableViewCell.xib */; };
		326241CB22B555900085F643 /* MZInviteNotificationViewController.swift in Sources */ = {isa = PBXBuildFile; fileRef = 326241CA22B555900085F643 /* MZInviteNotificationViewController.swift */; };
		326241D222B556F30085F643 /* MZFollowBackTableViewCell.swift in Sources */ = {isa = PBXBuildFile; fileRef = 326241D022B556F30085F643 /* MZFollowBackTableViewCell.swift */; };
		326241D322B556F30085F643 /* MZFollowBackTableViewCell.xib in Resources */ = {isa = PBXBuildFile; fileRef = 326241D122B556F30085F643 /* MZFollowBackTableViewCell.xib */; };
		326241D622B5570A0085F643 /* MZConfirmBestieTableViewCell.swift in Sources */ = {isa = PBXBuildFile; fileRef = 326241D422B5570A0085F643 /* MZConfirmBestieTableViewCell.swift */; };
		326241D722B5570A0085F643 /* MZConfirmBestieTableViewCell.xib in Resources */ = {isa = PBXBuildFile; fileRef = 326241D522B5570A0085F643 /* MZConfirmBestieTableViewCell.xib */; };
		326241DA22B574DA0085F643 /* MZHangoutSettingViewController.swift in Sources */ = {isa = PBXBuildFile; fileRef = 326241D922B574DA0085F643 /* MZHangoutSettingViewController.swift */; };
		326241DD22B6573E0085F643 /* MZOffersDetailsViewController.swift in Sources */ = {isa = PBXBuildFile; fileRef = 326241DC22B6573E0085F643 /* MZOffersDetailsViewController.swift */; };
		326241E022B6A1400085F643 /* MZEventHistoryViewController.swift in Sources */ = {isa = PBXBuildFile; fileRef = 326241DF22B6A1400085F643 /* MZEventHistoryViewController.swift */; };
		326241E522B6A5E90085F643 /* MZBothEventTableViewCell.swift in Sources */ = {isa = PBXBuildFile; fileRef = 326241E322B6A5E90085F643 /* MZBothEventTableViewCell.swift */; };
		326241E622B6A5E90085F643 /* MZBothEventTableViewCell.xib in Resources */ = {isa = PBXBuildFile; fileRef = 326241E422B6A5E90085F643 /* MZBothEventTableViewCell.xib */; };
		326241E822B6AD0D0085F643 /* MZPastEventViewController.swift in Sources */ = {isa = PBXBuildFile; fileRef = 326241E722B6AD0D0085F643 /* MZPastEventViewController.swift */; };
		326241EA22B6AD4D0085F643 /* MZUpcomingEventViewController.swift in Sources */ = {isa = PBXBuildFile; fileRef = 326241E922B6AD4D0085F643 /* MZUpcomingEventViewController.swift */; };
		32688EBE22A5E4BE00E6C89F /* MZOffersViewController.swift in Sources */ = {isa = PBXBuildFile; fileRef = 32688EBD22A5E4BE00E6C89F /* MZOffersViewController.swift */; };
		32688EC122A5E4E600E6C89F /* MZOffersTableViewCell.swift in Sources */ = {isa = PBXBuildFile; fileRef = 32688EBF22A5E4E600E6C89F /* MZOffersTableViewCell.swift */; };
		32688EC222A5E4E600E6C89F /* MZOffersTableViewCell.xib in Resources */ = {isa = PBXBuildFile; fileRef = 32688EC022A5E4E600E6C89F /* MZOffersTableViewCell.xib */; };
		32688EC522A5F5F600E6C89F /* MZAssignAdminViewController.swift in Sources */ = {isa = PBXBuildFile; fileRef = 32688EC422A5F5F600E6C89F /* MZAssignAdminViewController.swift */; };
		32688ECA22A5F62900E6C89F /* MZAssignAdminTableViewCell.swift in Sources */ = {isa = PBXBuildFile; fileRef = 32688EC822A5F62900E6C89F /* MZAssignAdminTableViewCell.swift */; };
		32688ECB22A5F62900E6C89F /* MZAssignAdminTableViewCell.xib in Resources */ = {isa = PBXBuildFile; fileRef = 32688EC922A5F62900E6C89F /* MZAssignAdminTableViewCell.xib */; };
		3272102322B922AC00F089A0 /* ZGCommentsTableViewCell.swift in Sources */ = {isa = PBXBuildFile; fileRef = 3272102222B922AC00F089A0 /* ZGCommentsTableViewCell.swift */; };
		3272102522B923CB00F089A0 /* ZGPostsDetailsViewController.swift in Sources */ = {isa = PBXBuildFile; fileRef = 3272102422B923CA00F089A0 /* ZGPostsDetailsViewController.swift */; };
		328A4C3C227E325C00DFB85E /* ZGNewsFeedTableViewCell.swift in Sources */ = {isa = PBXBuildFile; fileRef = 328A4C3B227E325C00DFB85E /* ZGNewsFeedTableViewCell.swift */; };
		328A4C3E227E327200DFB85E /* ZGNewsFeedViewController.swift in Sources */ = {isa = PBXBuildFile; fileRef = 328A4C3D227E327200DFB85E /* ZGNewsFeedViewController.swift */; };
		329AB0C3228F34F8007234CE /* Second.storyboard in Resources */ = {isa = PBXBuildFile; fileRef = 329AB0C1228F34F7007234CE /* Second.storyboard */; };
		32AA1C16228DC5C40036E252 /* MZInterestsViewController.swift in Sources */ = {isa = PBXBuildFile; fileRef = 32AA1C15228DC5C40036E252 /* MZInterestsViewController.swift */; };
		32AA1C18228DC5E90036E252 /* MZInterestsCollectionViewCell.swift in Sources */ = {isa = PBXBuildFile; fileRef = 32AA1C17228DC5E90036E252 /* MZInterestsCollectionViewCell.swift */; };
		32AA1C1A228DC6180036E252 /* MZLoginViewController.swift in Sources */ = {isa = PBXBuildFile; fileRef = 32AA1C19228DC6180036E252 /* MZLoginViewController.swift */; };
		32AA1C1C228DC62B0036E252 /* MZSignUpViewController.swift in Sources */ = {isa = PBXBuildFile; fileRef = 32AA1C1B228DC62B0036E252 /* MZSignUpViewController.swift */; };
		32AA1C1E228DC63C0036E252 /* MZAuthViewController.swift in Sources */ = {isa = PBXBuildFile; fileRef = 32AA1C1D228DC63C0036E252 /* MZAuthViewController.swift */; };
		32AA1C21228DEE900036E252 /* MZHangoutCreationViewController.swift in Sources */ = {isa = PBXBuildFile; fileRef = 32AA1C20228DEE900036E252 /* MZHangoutCreationViewController.swift */; };
		32AA1C23228DF62F0036E252 /* MZHangoutDescriptionViewController.swift in Sources */ = {isa = PBXBuildFile; fileRef = 32AA1C22228DF62F0036E252 /* MZHangoutDescriptionViewController.swift */; };
		32AB8222227E526000BD98D1 /* ZGUserProfileCollectionViewCell.swift in Sources */ = {isa = PBXBuildFile; fileRef = 32AB8221227E526000BD98D1 /* ZGUserProfileCollectionViewCell.swift */; };
		32AB8224227E527D00BD98D1 /* ZGUserProfileViewController.swift in Sources */ = {isa = PBXBuildFile; fileRef = 32AB8223227E527D00BD98D1 /* ZGUserProfileViewController.swift */; };
		32ACCAB022BA9D6D00AFBA84 /* Meteor.swift in Sources */ = {isa = PBXBuildFile; fileRef = 32ACCAAF22BA9D6D00AFBA84 /* Meteor.swift */; };
		32AF49AE228EF0BF00EE7D18 /* ZGHangMapViewController.swift in Sources */ = {isa = PBXBuildFile; fileRef = 32AF49AD228EF0BF00EE7D18 /* ZGHangMapViewController.swift */; };
		32AF49B0228F07F100EE7D18 /* CustomMarkerShape.swift in Sources */ = {isa = PBXBuildFile; fileRef = 32AF49AF228F07F100EE7D18 /* CustomMarkerShape.swift */; };
		32B6A01D22C5A52400DB4C5B /* ResizeImage.swift in Sources */ = {isa = PBXBuildFile; fileRef = 32B6A01C22C5A52400DB4C5B /* ResizeImage.swift */; };
		32BC9AAF22B3DA210075B8C0 /* MZHangoutMembersLimitViewController.swift in Sources */ = {isa = PBXBuildFile; fileRef = 32BC9AAE22B3DA210075B8C0 /* MZHangoutMembersLimitViewController.swift */; };
		32BEBF7322BBFAFF00778817 /* ZGAddNewPostViewController.swift in Sources */ = {isa = PBXBuildFile; fileRef = 32BEBF7222BBFAFF00778817 /* ZGAddNewPostViewController.swift */; };
		32BEBF7622BC189900778817 /* ZGHangoutProfileCommentsViewController.swift in Sources */ = {isa = PBXBuildFile; fileRef = 32BEBF7522BC189900778817 /* ZGHangoutProfileCommentsViewController.swift */; };
		32D8620C22A49294001F0CC0 /* MZInviteMembersViewController.swift in Sources */ = {isa = PBXBuildFile; fileRef = 32D8620B22A49294001F0CC0 /* MZInviteMembersViewController.swift */; };
		32D8620F22A4B3D4001F0CC0 /* MZAllowedMemberViewController.swift in Sources */ = {isa = PBXBuildFile; fileRef = 32D8620E22A4B3D4001F0CC0 /* MZAllowedMemberViewController.swift */; };
		32D8621222A4B4F6001F0CC0 /* MZAllowedMemberTableViewCell.swift in Sources */ = {isa = PBXBuildFile; fileRef = 32D8621022A4B4F6001F0CC0 /* MZAllowedMemberTableViewCell.swift */; };
		32D8621322A4B4F6001F0CC0 /* MZAllowedMemberTableViewCell.xib in Resources */ = {isa = PBXBuildFile; fileRef = 32D8621122A4B4F6001F0CC0 /* MZAllowedMemberTableViewCell.xib */; };
		32D8621622A4BFD8001F0CC0 /* MZBestiesViewController.swift in Sources */ = {isa = PBXBuildFile; fileRef = 32D8621522A4BFD8001F0CC0 /* MZBestiesViewController.swift */; };
		32D8621D22A4C3A7001F0CC0 /* MZBestieTableViewCell.swift in Sources */ = {isa = PBXBuildFile; fileRef = 32D8621B22A4C3A7001F0CC0 /* MZBestieTableViewCell.swift */; };
		32D8621E22A4C3A7001F0CC0 /* MZBestieTableViewCell.xib in Resources */ = {isa = PBXBuildFile; fileRef = 32D8621C22A4C3A7001F0CC0 /* MZBestieTableViewCell.xib */; };
		32E44B8722B7E83400D12BBB /* ZGHangoutProfileViewController.swift in Sources */ = {isa = PBXBuildFile; fileRef = 32E44B8622B7E83400D12BBB /* ZGHangoutProfileViewController.swift */; };
		32E44B8922B7F04100D12BBB /* GradientView.swift in Sources */ = {isa = PBXBuildFile; fileRef = 32E44B8822B7F04100D12BBB /* GradientView.swift */; };
		32E44B8B22B7F2DF00D12BBB /* ZGHangoutProfilePostsViewController.swift in Sources */ = {isa = PBXBuildFile; fileRef = 32E44B8A22B7F2DF00D12BBB /* ZGHangoutProfilePostsViewController.swift */; };
		32E44B8D22B7FDB000D12BBB /* MyMessagesTableViewCell.swift in Sources */ = {isa = PBXBuildFile; fileRef = 32E44B8C22B7FDB000D12BBB /* MyMessagesTableViewCell.swift */; };
		32E44B8F22B7FDCF00D12BBB /* OtherMessagesTableViewCell.swift in Sources */ = {isa = PBXBuildFile; fileRef = 32E44B8E22B7FDCF00D12BBB /* OtherMessagesTableViewCell.swift */; };
		32E44B9122B7FDF800D12BBB /* ZGHangoutProfileChatViewController.swift in Sources */ = {isa = PBXBuildFile; fileRef = 32E44B9022B7FDF800D12BBB /* ZGHangoutProfileChatViewController.swift */; };
		32E44B9422B8213900D12BBB /* ZGMoreViewController.swift in Sources */ = {isa = PBXBuildFile; fileRef = 32E44B9322B8213900D12BBB /* ZGMoreViewController.swift */; };
		32E44B9622B8215900D12BBB /* ZGMoreTableViewCell.swift in Sources */ = {isa = PBXBuildFile; fileRef = 32E44B9522B8215900D12BBB /* ZGMoreTableViewCell.swift */; };
		BD3DE6927E2A798BF3DB93A9 /* Pods_BlindInTests.framework in Frameworks */ = {isa = PBXBuildFile; fileRef = 4110A44A917F91129B497CAB /* Pods_BlindInTests.framework */; };
		DB5417ADA61BC1ACC45FFF14 /* Pods_BlindIn.framework in Frameworks */ = {isa = PBXBuildFile; fileRef = AAF45241557BE3ABED7FF698 /* Pods_BlindIn.framework */; };
		E4004BE822C4F46100D8A290 /* MZAddBestiesViewController.swift in Sources */ = {isa = PBXBuildFile; fileRef = E4004BE722C4F46100D8A290 /* MZAddBestiesViewController.swift */; };
		E4004BEB22C4F48600D8A290 /* MZAddBestiesTableViewCell.swift in Sources */ = {isa = PBXBuildFile; fileRef = E4004BE922C4F48600D8A290 /* MZAddBestiesTableViewCell.swift */; };
		E4004BEC22C4F48600D8A290 /* MZAddBestiesTableViewCell.xib in Resources */ = {isa = PBXBuildFile; fileRef = E4004BEA22C4F48600D8A290 /* MZAddBestiesTableViewCell.xib */; };
		E4225B5022C3665400E75713 /* MZProfileInterestsTableViewCell.swift in Sources */ = {isa = PBXBuildFile; fileRef = E4225B4F22C3665400E75713 /* MZProfileInterestsTableViewCell.swift */; };
		E43E652222BB0A8D00BF14FB /* Third.storyboard in Resources */ = {isa = PBXBuildFile; fileRef = E43E652122BB0A8D00BF14FB /* Third.storyboard */; };
		E43E652422BB0E1400BF14FB /* MZHangoutSetLocationViewController.swift in Sources */ = {isa = PBXBuildFile; fileRef = E43E652322BB0E1400BF14FB /* MZHangoutSetLocationViewController.swift */; };
		E43E652822BB10ED00BF14FB /* CircularMarkerShape.swift in Sources */ = {isa = PBXBuildFile; fileRef = E43E652722BB10ED00BF14FB /* CircularMarkerShape.swift */; };
		E447D4DF22BF7D1500E82E35 /* MZInterestTableViewCell.swift in Sources */ = {isa = PBXBuildFile; fileRef = E447D4DE22BF7D1500E82E35 /* MZInterestTableViewCell.swift */; };
/* End PBXBuildFile section */

/* Begin PBXContainerItemProxy section */
		3258DCE9227DCCBE0014B316 /* PBXContainerItemProxy */ = {
			isa = PBXContainerItemProxy;
			containerPortal = 3258DCCC227DCCBA0014B316 /* Project object */;
			proxyType = 1;
			remoteGlobalIDString = 3258DCD3227DCCBA0014B316;
			remoteInfo = BlindIn;
		};
		3258DCF4227DCCBE0014B316 /* PBXContainerItemProxy */ = {
			isa = PBXContainerItemProxy;
			containerPortal = 3258DCCC227DCCBA0014B316 /* Project object */;
			proxyType = 1;
			remoteGlobalIDString = 3258DCD3227DCCBA0014B316;
			remoteInfo = BlindIn;
		};
/* End PBXContainerItemProxy section */

/* Begin PBXFileReference section */
		0D58DBD301ADDFF192E4F9B9 /* Pods-BlindInUITests.debug.xcconfig */ = {isa = PBXFileReference; includeInIndex = 1; lastKnownFileType = text.xcconfig; name = "Pods-BlindInUITests.debug.xcconfig"; path = "Target Support Files/Pods-BlindInUITests/Pods-BlindInUITests.debug.xcconfig"; sourceTree = "<group>"; };
		292CEBE25B1306A3487B0D26 /* Pods-BlindInTests.debug.xcconfig */ = {isa = PBXFileReference; includeInIndex = 1; lastKnownFileType = text.xcconfig; name = "Pods-BlindInTests.debug.xcconfig"; path = "Target Support Files/Pods-BlindInTests/Pods-BlindInTests.debug.xcconfig"; sourceTree = "<group>"; };
		321B509522B6A85C00085670 /* ZGUserProfilePostsTableViewCell.swift */ = {isa = PBXFileReference; lastKnownFileType = sourcecode.swift; path = ZGUserProfilePostsTableViewCell.swift; sourceTree = "<group>"; };
		321B509722B6B56400085670 /* ZGUserProfileBreifTableViewCell.swift */ = {isa = PBXFileReference; lastKnownFileType = sourcecode.swift; path = ZGUserProfileBreifTableViewCell.swift; sourceTree = "<group>"; };
		321B509922B6B92A00085670 /* MyBriefTableViewCell.swift */ = {isa = PBXFileReference; lastKnownFileType = sourcecode.swift; path = MyBriefTableViewCell.swift; sourceTree = "<group>"; };
		321B509D22B6C37F00085670 /* ExploreTableViewCell.swift */ = {isa = PBXFileReference; lastKnownFileType = sourcecode.swift; path = ExploreTableViewCell.swift; sourceTree = "<group>"; };
		321B509F22B6C43E00085670 /* ExploreViewController.swift */ = {isa = PBXFileReference; lastKnownFileType = sourcecode.swift; path = ExploreViewController.swift; sourceTree = "<group>"; };
		321B50A122B6D01700085670 /* ZGPostsContainerViewController.swift */ = {isa = PBXFileReference; lastKnownFileType = sourcecode.swift; path = ZGPostsContainerViewController.swift; sourceTree = "<group>"; };
		321B50A422B7C9C900085670 /* HangoutProfile.storyboard */ = {isa = PBXFileReference; lastKnownFileType = file.storyboard; path = HangoutProfile.storyboard; sourceTree = "<group>"; };
		322DEEA222A3571600408EC9 /* MZInviteFromMapViewController.swift */ = {isa = PBXFileReference; lastKnownFileType = sourcecode.swift; path = MZInviteFromMapViewController.swift; sourceTree = "<group>"; };
		322DEEA622A368C100408EC9 /* MZInviteFromCollectionViewController.swift */ = {isa = PBXFileReference; lastKnownFileType = sourcecode.swift; path = MZInviteFromCollectionViewController.swift; sourceTree = "<group>"; };
		322DEEA822A368EE00408EC9 /* MZNearbyMemberCollectionViewCell.swift */ = {isa = PBXFileReference; lastKnownFileType = sourcecode.swift; path = MZNearbyMemberCollectionViewCell.swift; sourceTree = "<group>"; };
		322DEEAA22A3690300408EC9 /* MZBestiesCollectionViewCell.swift */ = {isa = PBXFileReference; lastKnownFileType = sourcecode.swift; path = MZBestiesCollectionViewCell.swift; sourceTree = "<group>"; };
		3258DCD4227DCCBA0014B316 /* BlindIn.app */ = {isa = PBXFileReference; explicitFileType = wrapper.application; includeInIndex = 0; path = BlindIn.app; sourceTree = BUILT_PRODUCTS_DIR; };
		3258DCD7227DCCBA0014B316 /* AppDelegate.swift */ = {isa = PBXFileReference; lastKnownFileType = sourcecode.swift; path = AppDelegate.swift; sourceTree = "<group>"; };
		3258DCD9227DCCBA0014B316 /* ViewController.swift */ = {isa = PBXFileReference; lastKnownFileType = sourcecode.swift; path = ViewController.swift; sourceTree = "<group>"; };
		3258DCDC227DCCBA0014B316 /* Base */ = {isa = PBXFileReference; lastKnownFileType = file.storyboard; name = Base; path = Base.lproj/Main.storyboard; sourceTree = "<group>"; };
		3258DCDE227DCCBE0014B316 /* Assets.xcassets */ = {isa = PBXFileReference; lastKnownFileType = folder.assetcatalog; path = Assets.xcassets; sourceTree = "<group>"; };
		3258DCE1227DCCBE0014B316 /* Base */ = {isa = PBXFileReference; lastKnownFileType = file.storyboard; name = Base; path = Base.lproj/LaunchScreen.storyboard; sourceTree = "<group>"; };
		3258DCE3227DCCBE0014B316 /* Info.plist */ = {isa = PBXFileReference; lastKnownFileType = text.plist.xml; path = Info.plist; sourceTree = "<group>"; };
		3258DCE8227DCCBE0014B316 /* BlindInTests.xctest */ = {isa = PBXFileReference; explicitFileType = wrapper.cfbundle; includeInIndex = 0; path = BlindInTests.xctest; sourceTree = BUILT_PRODUCTS_DIR; };
		3258DCEC227DCCBE0014B316 /* BlindInTests.swift */ = {isa = PBXFileReference; lastKnownFileType = sourcecode.swift; path = BlindInTests.swift; sourceTree = "<group>"; };
		3258DCEE227DCCBE0014B316 /* Info.plist */ = {isa = PBXFileReference; lastKnownFileType = text.plist.xml; path = Info.plist; sourceTree = "<group>"; };
		3258DCF3227DCCBE0014B316 /* BlindInUITests.xctest */ = {isa = PBXFileReference; explicitFileType = wrapper.cfbundle; includeInIndex = 0; path = BlindInUITests.xctest; sourceTree = BUILT_PRODUCTS_DIR; };
		3258DCF7227DCCBE0014B316 /* BlindInUITests.swift */ = {isa = PBXFileReference; lastKnownFileType = sourcecode.swift; path = BlindInUITests.swift; sourceTree = "<group>"; };
		3258DCF9227DCCBE0014B316 /* Info.plist */ = {isa = PBXFileReference; lastKnownFileType = text.plist.xml; path = Info.plist; sourceTree = "<group>"; };
		3258DD08227DCDCA0014B316 /* NetworkManager.swift */ = {isa = PBXFileReference; fileEncoding = 4; lastKnownFileType = sourcecode.swift; path = NetworkManager.swift; sourceTree = "<group>"; };
		3258DD0C227DCDDF0014B316 /* UIView+Extentions.swift */ = {isa = PBXFileReference; fileEncoding = 4; lastKnownFileType = sourcecode.swift; path = "UIView+Extentions.swift"; sourceTree = "<group>"; };
		3258DD0D227DCDDF0014B316 /* Rating.swift */ = {isa = PBXFileReference; fileEncoding = 4; lastKnownFileType = sourcecode.swift; path = Rating.swift; sourceTree = "<group>"; };
		325FB0B722B93DDE00844851 /* TabViewController.swift */ = {isa = PBXFileReference; lastKnownFileType = sourcecode.swift; path = TabViewController.swift; sourceTree = "<group>"; };
		325FB0BA22B94F2A00844851 /* ZGEditProfileViewController.swift */ = {isa = PBXFileReference; lastKnownFileType = sourcecode.swift; path = ZGEditProfileViewController.swift; sourceTree = "<group>"; };
		326241BB22B53AE30085F643 /* MZNotificationViewController.swift */ = {isa = PBXFileReference; lastKnownFileType = sourcecode.swift; path = MZNotificationViewController.swift; sourceTree = "<group>"; };
		326241BE22B53FE50085F643 /* MZHangoutNotificationViewController.swift */ = {isa = PBXFileReference; lastKnownFileType = sourcecode.swift; path = MZHangoutNotificationViewController.swift; sourceTree = "<group>"; };
		326241C022B5400F0085F643 /* MZHangoutNotificationTableViewCell.swift */ = {isa = PBXFileReference; lastKnownFileType = sourcecode.swift; path = MZHangoutNotificationTableViewCell.swift; sourceTree = "<group>"; };
		326241C122B5400F0085F643 /* MZHangoutNotificationTableViewCell.xib */ = {isa = PBXFileReference; lastKnownFileType = file.xib; path = MZHangoutNotificationTableViewCell.xib; sourceTree = "<group>"; };
		326241C422B544620085F643 /* MZHangoutAddPostTableViewCell.swift */ = {isa = PBXFileReference; lastKnownFileType = sourcecode.swift; path = MZHangoutAddPostTableViewCell.swift; sourceTree = "<group>"; };
		326241C522B544620085F643 /* MZHangoutAddPostTableViewCell.xib */ = {isa = PBXFileReference; lastKnownFileType = file.xib; path = MZHangoutAddPostTableViewCell.xib; sourceTree = "<group>"; };
		326241CA22B555900085F643 /* MZInviteNotificationViewController.swift */ = {isa = PBXFileReference; lastKnownFileType = sourcecode.swift; path = MZInviteNotificationViewController.swift; sourceTree = "<group>"; };
		326241D022B556F30085F643 /* MZFollowBackTableViewCell.swift */ = {isa = PBXFileReference; lastKnownFileType = sourcecode.swift; path = MZFollowBackTableViewCell.swift; sourceTree = "<group>"; };
		326241D122B556F30085F643 /* MZFollowBackTableViewCell.xib */ = {isa = PBXFileReference; lastKnownFileType = file.xib; path = MZFollowBackTableViewCell.xib; sourceTree = "<group>"; };
		326241D422B5570A0085F643 /* MZConfirmBestieTableViewCell.swift */ = {isa = PBXFileReference; lastKnownFileType = sourcecode.swift; path = MZConfirmBestieTableViewCell.swift; sourceTree = "<group>"; };
		326241D522B5570A0085F643 /* MZConfirmBestieTableViewCell.xib */ = {isa = PBXFileReference; lastKnownFileType = file.xib; path = MZConfirmBestieTableViewCell.xib; sourceTree = "<group>"; };
		326241D922B574DA0085F643 /* MZHangoutSettingViewController.swift */ = {isa = PBXFileReference; lastKnownFileType = sourcecode.swift; path = MZHangoutSettingViewController.swift; sourceTree = "<group>"; };
		326241DC22B6573E0085F643 /* MZOffersDetailsViewController.swift */ = {isa = PBXFileReference; lastKnownFileType = sourcecode.swift; path = MZOffersDetailsViewController.swift; sourceTree = "<group>"; };
		326241DF22B6A1400085F643 /* MZEventHistoryViewController.swift */ = {isa = PBXFileReference; lastKnownFileType = sourcecode.swift; path = MZEventHistoryViewController.swift; sourceTree = "<group>"; };
		326241E322B6A5E90085F643 /* MZBothEventTableViewCell.swift */ = {isa = PBXFileReference; lastKnownFileType = sourcecode.swift; path = MZBothEventTableViewCell.swift; sourceTree = "<group>"; };
		326241E422B6A5E90085F643 /* MZBothEventTableViewCell.xib */ = {isa = PBXFileReference; lastKnownFileType = file.xib; path = MZBothEventTableViewCell.xib; sourceTree = "<group>"; };
		326241E722B6AD0D0085F643 /* MZPastEventViewController.swift */ = {isa = PBXFileReference; lastKnownFileType = sourcecode.swift; path = MZPastEventViewController.swift; sourceTree = "<group>"; };
		326241E922B6AD4D0085F643 /* MZUpcomingEventViewController.swift */ = {isa = PBXFileReference; lastKnownFileType = sourcecode.swift; path = MZUpcomingEventViewController.swift; sourceTree = "<group>"; };
		32688EBD22A5E4BE00E6C89F /* MZOffersViewController.swift */ = {isa = PBXFileReference; lastKnownFileType = sourcecode.swift; path = MZOffersViewController.swift; sourceTree = "<group>"; };
		32688EBF22A5E4E600E6C89F /* MZOffersTableViewCell.swift */ = {isa = PBXFileReference; lastKnownFileType = sourcecode.swift; path = MZOffersTableViewCell.swift; sourceTree = "<group>"; };
		32688EC022A5E4E600E6C89F /* MZOffersTableViewCell.xib */ = {isa = PBXFileReference; lastKnownFileType = file.xib; path = MZOffersTableViewCell.xib; sourceTree = "<group>"; };
		32688EC422A5F5F600E6C89F /* MZAssignAdminViewController.swift */ = {isa = PBXFileReference; lastKnownFileType = sourcecode.swift; path = MZAssignAdminViewController.swift; sourceTree = "<group>"; };
		32688EC822A5F62900E6C89F /* MZAssignAdminTableViewCell.swift */ = {isa = PBXFileReference; lastKnownFileType = sourcecode.swift; path = MZAssignAdminTableViewCell.swift; sourceTree = "<group>"; };
		32688EC922A5F62900E6C89F /* MZAssignAdminTableViewCell.xib */ = {isa = PBXFileReference; lastKnownFileType = file.xib; path = MZAssignAdminTableViewCell.xib; sourceTree = "<group>"; };
		3272102222B922AC00F089A0 /* ZGCommentsTableViewCell.swift */ = {isa = PBXFileReference; lastKnownFileType = sourcecode.swift; path = ZGCommentsTableViewCell.swift; sourceTree = "<group>"; };
		3272102422B923CA00F089A0 /* ZGPostsDetailsViewController.swift */ = {isa = PBXFileReference; lastKnownFileType = sourcecode.swift; path = ZGPostsDetailsViewController.swift; sourceTree = "<group>"; };
		328A4C3B227E325C00DFB85E /* ZGNewsFeedTableViewCell.swift */ = {isa = PBXFileReference; lastKnownFileType = sourcecode.swift; path = ZGNewsFeedTableViewCell.swift; sourceTree = "<group>"; };
		328A4C3D227E327200DFB85E /* ZGNewsFeedViewController.swift */ = {isa = PBXFileReference; lastKnownFileType = sourcecode.swift; path = ZGNewsFeedViewController.swift; sourceTree = "<group>"; };
		329AB0C2228F34F7007234CE /* Base */ = {isa = PBXFileReference; lastKnownFileType = file.storyboard; name = Base; path = Base.lproj/Second.storyboard; sourceTree = "<group>"; };
		32AA1C15228DC5C40036E252 /* MZInterestsViewController.swift */ = {isa = PBXFileReference; lastKnownFileType = sourcecode.swift; path = MZInterestsViewController.swift; sourceTree = "<group>"; };
		32AA1C17228DC5E90036E252 /* MZInterestsCollectionViewCell.swift */ = {isa = PBXFileReference; lastKnownFileType = sourcecode.swift; path = MZInterestsCollectionViewCell.swift; sourceTree = "<group>"; };
		32AA1C19228DC6180036E252 /* MZLoginViewController.swift */ = {isa = PBXFileReference; lastKnownFileType = sourcecode.swift; path = MZLoginViewController.swift; sourceTree = "<group>"; };
		32AA1C1B228DC62B0036E252 /* MZSignUpViewController.swift */ = {isa = PBXFileReference; lastKnownFileType = sourcecode.swift; path = MZSignUpViewController.swift; sourceTree = "<group>"; };
		32AA1C1D228DC63C0036E252 /* MZAuthViewController.swift */ = {isa = PBXFileReference; lastKnownFileType = sourcecode.swift; path = MZAuthViewController.swift; sourceTree = "<group>"; };
		32AA1C20228DEE900036E252 /* MZHangoutCreationViewController.swift */ = {isa = PBXFileReference; lastKnownFileType = sourcecode.swift; path = MZHangoutCreationViewController.swift; sourceTree = "<group>"; };
		32AA1C22228DF62F0036E252 /* MZHangoutDescriptionViewController.swift */ = {isa = PBXFileReference; lastKnownFileType = sourcecode.swift; path = MZHangoutDescriptionViewController.swift; sourceTree = "<group>"; };
		32AB8221227E526000BD98D1 /* ZGUserProfileCollectionViewCell.swift */ = {isa = PBXFileReference; lastKnownFileType = sourcecode.swift; path = ZGUserProfileCollectionViewCell.swift; sourceTree = "<group>"; };
		32AB8223227E527D00BD98D1 /* ZGUserProfileViewController.swift */ = {isa = PBXFileReference; lastKnownFileType = sourcecode.swift; path = ZGUserProfileViewController.swift; sourceTree = "<group>"; };
		32ACCAAF22BA9D6D00AFBA84 /* Meteor.swift */ = {isa = PBXFileReference; lastKnownFileType = sourcecode.swift; path = Meteor.swift; sourceTree = "<group>"; };
		32AF49AD228EF0BF00EE7D18 /* ZGHangMapViewController.swift */ = {isa = PBXFileReference; lastKnownFileType = sourcecode.swift; path = ZGHangMapViewController.swift; sourceTree = "<group>"; };
		32AF49AF228F07F100EE7D18 /* CustomMarkerShape.swift */ = {isa = PBXFileReference; lastKnownFileType = sourcecode.swift; path = CustomMarkerShape.swift; sourceTree = "<group>"; };
		32B6A01C22C5A52400DB4C5B /* ResizeImage.swift */ = {isa = PBXFileReference; lastKnownFileType = sourcecode.swift; path = ResizeImage.swift; sourceTree = "<group>"; };
		32BC9AAE22B3DA210075B8C0 /* MZHangoutMembersLimitViewController.swift */ = {isa = PBXFileReference; lastKnownFileType = sourcecode.swift; path = MZHangoutMembersLimitViewController.swift; sourceTree = "<group>"; };
		32BEBF7222BBFAFF00778817 /* ZGAddNewPostViewController.swift */ = {isa = PBXFileReference; lastKnownFileType = sourcecode.swift; path = ZGAddNewPostViewController.swift; sourceTree = "<group>"; };
		32BEBF7522BC189900778817 /* ZGHangoutProfileCommentsViewController.swift */ = {isa = PBXFileReference; lastKnownFileType = sourcecode.swift; path = ZGHangoutProfileCommentsViewController.swift; sourceTree = "<group>"; };
		32D8620B22A49294001F0CC0 /* MZInviteMembersViewController.swift */ = {isa = PBXFileReference; lastKnownFileType = sourcecode.swift; path = MZInviteMembersViewController.swift; sourceTree = "<group>"; };
		32D8620E22A4B3D4001F0CC0 /* MZAllowedMemberViewController.swift */ = {isa = PBXFileReference; lastKnownFileType = sourcecode.swift; path = MZAllowedMemberViewController.swift; sourceTree = "<group>"; };
		32D8621022A4B4F6001F0CC0 /* MZAllowedMemberTableViewCell.swift */ = {isa = PBXFileReference; lastKnownFileType = sourcecode.swift; path = MZAllowedMemberTableViewCell.swift; sourceTree = "<group>"; };
		32D8621122A4B4F6001F0CC0 /* MZAllowedMemberTableViewCell.xib */ = {isa = PBXFileReference; lastKnownFileType = file.xib; path = MZAllowedMemberTableViewCell.xib; sourceTree = "<group>"; };
		32D8621522A4BFD8001F0CC0 /* MZBestiesViewController.swift */ = {isa = PBXFileReference; lastKnownFileType = sourcecode.swift; path = MZBestiesViewController.swift; sourceTree = "<group>"; };
		32D8621B22A4C3A7001F0CC0 /* MZBestieTableViewCell.swift */ = {isa = PBXFileReference; lastKnownFileType = sourcecode.swift; path = MZBestieTableViewCell.swift; sourceTree = "<group>"; };
		32D8621C22A4C3A7001F0CC0 /* MZBestieTableViewCell.xib */ = {isa = PBXFileReference; lastKnownFileType = file.xib; path = MZBestieTableViewCell.xib; sourceTree = "<group>"; };
		32E44B8622B7E83400D12BBB /* ZGHangoutProfileViewController.swift */ = {isa = PBXFileReference; lastKnownFileType = sourcecode.swift; path = ZGHangoutProfileViewController.swift; sourceTree = "<group>"; };
		32E44B8822B7F04100D12BBB /* GradientView.swift */ = {isa = PBXFileReference; lastKnownFileType = sourcecode.swift; path = GradientView.swift; sourceTree = "<group>"; };
		32E44B8A22B7F2DF00D12BBB /* ZGHangoutProfilePostsViewController.swift */ = {isa = PBXFileReference; lastKnownFileType = sourcecode.swift; path = ZGHangoutProfilePostsViewController.swift; sourceTree = "<group>"; };
		32E44B8C22B7FDB000D12BBB /* MyMessagesTableViewCell.swift */ = {isa = PBXFileReference; lastKnownFileType = sourcecode.swift; path = MyMessagesTableViewCell.swift; sourceTree = "<group>"; };
		32E44B8E22B7FDCF00D12BBB /* OtherMessagesTableViewCell.swift */ = {isa = PBXFileReference; lastKnownFileType = sourcecode.swift; path = OtherMessagesTableViewCell.swift; sourceTree = "<group>"; };
		32E44B9022B7FDF800D12BBB /* ZGHangoutProfileChatViewController.swift */ = {isa = PBXFileReference; lastKnownFileType = sourcecode.swift; path = ZGHangoutProfileChatViewController.swift; sourceTree = "<group>"; };
		32E44B9322B8213900D12BBB /* ZGMoreViewController.swift */ = {isa = PBXFileReference; lastKnownFileType = sourcecode.swift; path = ZGMoreViewController.swift; sourceTree = "<group>"; };
		32E44B9522B8215900D12BBB /* ZGMoreTableViewCell.swift */ = {isa = PBXFileReference; lastKnownFileType = sourcecode.swift; path = ZGMoreTableViewCell.swift; sourceTree = "<group>"; };
		3D9FC336C61DA2527110FD23 /* Pods-BlindInUITests.release.xcconfig */ = {isa = PBXFileReference; includeInIndex = 1; lastKnownFileType = text.xcconfig; name = "Pods-BlindInUITests.release.xcconfig"; path = "Target Support Files/Pods-BlindInUITests/Pods-BlindInUITests.release.xcconfig"; sourceTree = "<group>"; };
		4110A44A917F91129B497CAB /* Pods_BlindInTests.framework */ = {isa = PBXFileReference; explicitFileType = wrapper.framework; includeInIndex = 0; path = Pods_BlindInTests.framework; sourceTree = BUILT_PRODUCTS_DIR; };
		6E1FA619F54E85D966466F28 /* Pods-BlindIn.release.xcconfig */ = {isa = PBXFileReference; includeInIndex = 1; lastKnownFileType = text.xcconfig; name = "Pods-BlindIn.release.xcconfig"; path = "Target Support Files/Pods-BlindIn/Pods-BlindIn.release.xcconfig"; sourceTree = "<group>"; };
		7636D7D6CCF946292D6B1CA6 /* Pods_BlindInUITests.framework */ = {isa = PBXFileReference; explicitFileType = wrapper.framework; includeInIndex = 0; path = Pods_BlindInUITests.framework; sourceTree = BUILT_PRODUCTS_DIR; };
		7DC59AC3B7B13952DA6A7CDF /* Pods-BlindIn.debug.xcconfig */ = {isa = PBXFileReference; includeInIndex = 1; lastKnownFileType = text.xcconfig; name = "Pods-BlindIn.debug.xcconfig"; path = "Target Support Files/Pods-BlindIn/Pods-BlindIn.debug.xcconfig"; sourceTree = "<group>"; };
		AAF45241557BE3ABED7FF698 /* Pods_BlindIn.framework */ = {isa = PBXFileReference; explicitFileType = wrapper.framework; includeInIndex = 0; path = Pods_BlindIn.framework; sourceTree = BUILT_PRODUCTS_DIR; };
		E4004BE722C4F46100D8A290 /* MZAddBestiesViewController.swift */ = {isa = PBXFileReference; lastKnownFileType = sourcecode.swift; path = MZAddBestiesViewController.swift; sourceTree = "<group>"; };
		E4004BE922C4F48600D8A290 /* MZAddBestiesTableViewCell.swift */ = {isa = PBXFileReference; lastKnownFileType = sourcecode.swift; path = MZAddBestiesTableViewCell.swift; sourceTree = "<group>"; };
		E4004BEA22C4F48600D8A290 /* MZAddBestiesTableViewCell.xib */ = {isa = PBXFileReference; lastKnownFileType = file.xib; path = MZAddBestiesTableViewCell.xib; sourceTree = "<group>"; };
		E4225B4F22C3665400E75713 /* MZProfileInterestsTableViewCell.swift */ = {isa = PBXFileReference; lastKnownFileType = sourcecode.swift; path = MZProfileInterestsTableViewCell.swift; sourceTree = "<group>"; };
		E43E652122BB0A8D00BF14FB /* Third.storyboard */ = {isa = PBXFileReference; lastKnownFileType = file.storyboard; path = Third.storyboard; sourceTree = "<group>"; };
		E43E652322BB0E1400BF14FB /* MZHangoutSetLocationViewController.swift */ = {isa = PBXFileReference; lastKnownFileType = sourcecode.swift; path = MZHangoutSetLocationViewController.swift; sourceTree = "<group>"; };
		E43E652722BB10ED00BF14FB /* CircularMarkerShape.swift */ = {isa = PBXFileReference; lastKnownFileType = sourcecode.swift; path = CircularMarkerShape.swift; sourceTree = "<group>"; };
		E447D4DE22BF7D1500E82E35 /* MZInterestTableViewCell.swift */ = {isa = PBXFileReference; lastKnownFileType = sourcecode.swift; path = MZInterestTableViewCell.swift; sourceTree = "<group>"; };
		FB6B4CA0030176FC419CB326 /* Pods-BlindInTests.release.xcconfig */ = {isa = PBXFileReference; includeInIndex = 1; lastKnownFileType = text.xcconfig; name = "Pods-BlindInTests.release.xcconfig"; path = "Target Support Files/Pods-BlindInTests/Pods-BlindInTests.release.xcconfig"; sourceTree = "<group>"; };
/* End PBXFileReference section */

/* Begin PBXFrameworksBuildPhase section */
		3258DCD1227DCCBA0014B316 /* Frameworks */ = {
			isa = PBXFrameworksBuildPhase;
			buildActionMask = 2147483647;
			files = (
				DB5417ADA61BC1ACC45FFF14 /* Pods_BlindIn.framework in Frameworks */,
			);
			runOnlyForDeploymentPostprocessing = 0;
		};
		3258DCE5227DCCBE0014B316 /* Frameworks */ = {
			isa = PBXFrameworksBuildPhase;
			buildActionMask = 2147483647;
			files = (
				BD3DE6927E2A798BF3DB93A9 /* Pods_BlindInTests.framework in Frameworks */,
			);
			runOnlyForDeploymentPostprocessing = 0;
		};
		3258DCF0227DCCBE0014B316 /* Frameworks */ = {
			isa = PBXFrameworksBuildPhase;
			buildActionMask = 2147483647;
			files = (
				051D36D9DFBBD9FEC57B24D2 /* Pods_BlindInUITests.framework in Frameworks */,
			);
			runOnlyForDeploymentPostprocessing = 0;
		};
/* End PBXFrameworksBuildPhase section */

/* Begin PBXGroup section */
		2298F40425A7F0E784A1384C /* Frameworks */ = {
			isa = PBXGroup;
			children = (
				AAF45241557BE3ABED7FF698 /* Pods_BlindIn.framework */,
				4110A44A917F91129B497CAB /* Pods_BlindInTests.framework */,
				7636D7D6CCF946292D6B1CA6 /* Pods_BlindInUITests.framework */,
			);
			name = Frameworks;
			sourceTree = "<group>";
		};
		321B509B22B6C32800085670 /* ZGExploreViewController */ = {
			isa = PBXGroup;
			children = (
				321B509D22B6C37F00085670 /* ExploreTableViewCell.swift */,
				321B509F22B6C43E00085670 /* ExploreViewController.swift */,
			);
			path = ZGExploreViewController;
			sourceTree = "<group>";
		};
		321B509C22B6C33D00085670 /* ZGPostsViewController */ = {
			isa = PBXGroup;
			children = (
				328A4C3A227E322500DFB85E /* ZGNewsFeedViewController */,
				321B509B22B6C32800085670 /* ZGExploreViewController */,
				321B50A122B6D01700085670 /* ZGPostsContainerViewController.swift */,
			);
			path = ZGPostsViewController;
			sourceTree = "<group>";
		};
		322DEEA022A3562D00408EC9 /* MZInviteFromMapViewController */ = {
			isa = PBXGroup;
			children = (
				322DEEA222A3571600408EC9 /* MZInviteFromMapViewController.swift */,
			);
			path = MZInviteFromMapViewController;
			sourceTree = "<group>";
		};
		322DEEA122A356A000408EC9 /* MZInviteFromCollectionViewController */ = {
			isa = PBXGroup;
			children = (
				322DEEA622A368C100408EC9 /* MZInviteFromCollectionViewController.swift */,
				322DEEA822A368EE00408EC9 /* MZNearbyMemberCollectionViewCell.swift */,
				322DEEAA22A3690300408EC9 /* MZBestiesCollectionViewCell.swift */,
			);
			path = MZInviteFromCollectionViewController;
			sourceTree = "<group>";
		};
		3258DCCB227DCCBA0014B316 = {
			isa = PBXGroup;
			children = (
				3258DCD6227DCCBA0014B316 /* BlindIn */,
				3258DCEB227DCCBE0014B316 /* BlindInTests */,
				3258DCF6227DCCBE0014B316 /* BlindInUITests */,
				3258DCD5227DCCBA0014B316 /* Products */,
				FB122979B54AA2A01C48213A /* Pods */,
				2298F40425A7F0E784A1384C /* Frameworks */,
			);
			sourceTree = "<group>";
		};
		3258DCD5227DCCBA0014B316 /* Products */ = {
			isa = PBXGroup;
			children = (
				3258DCD4227DCCBA0014B316 /* BlindIn.app */,
				3258DCE8227DCCBE0014B316 /* BlindInTests.xctest */,
				3258DCF3227DCCBE0014B316 /* BlindInUITests.xctest */,
			);
			name = Products;
			sourceTree = "<group>";
		};
		3258DCD6227DCCBA0014B316 /* BlindIn */ = {
			isa = PBXGroup;
			children = (
				32E44B9222B8211200D12BBB /* ZGMoreViewController */,
				32E44B8522B7E81200D12BBB /* ZGHangoutProfileViewController */,
				321B509C22B6C33D00085670 /* ZGPostsViewController */,
				3258DD07227DCD560014B316 /* helpers */,
				32AA1C14228DC57B0036E252 /* MZAuthenticationViewController */,
				32AA1C13228DC5620036E252 /* MZInterestsViewController */,
				32AA1C1F228DEDD30036E252 /* MZHangoutViewController */,
				32D8620822A4913C001F0CC0 /* MZInviteMembersViewController */,
				326241BD22B53AF30085F643 /* MZNotificationViewController */,
				326241DE22B6A0930085F643 /* MZEventHistoryViewController */,
				32D8620D22A4B375001F0CC0 /* MZAllowedMemberViewController */,
				32688EC322A5F5CA00E6C89F /* MZAssignAdminsViewController */,
				32D8621422A4BF9E001F0CC0 /* MZBestiesViewController */,
				32688EBC22A5E49300E6C89F /* MZOffersViewController */,
				326241D822B574930085F643 /* MZHangoutSettingViewController */,
				32AF49AC228EF09700EE7D18 /* ZGHangMapViewController */,
				32AB8220227E522E00BD98D1 /* ZGUserProfileViewController */,
				3258DCD7227DCCBA0014B316 /* AppDelegate.swift */,
				3258DCD9227DCCBA0014B316 /* ViewController.swift */,
				E43E652022BB0A5300BF14FB /* MZHangoutLocationViewController */,
				3258DCDB227DCCBA0014B316 /* Main.storyboard */,
				329AB0C1228F34F7007234CE /* Second.storyboard */,
				3258DCDE227DCCBE0014B316 /* Assets.xcassets */,
				3258DCE0227DCCBE0014B316 /* LaunchScreen.storyboard */,
				3258DCE3227DCCBE0014B316 /* Info.plist */,
				321B50A422B7C9C900085670 /* HangoutProfile.storyboard */,
				325FB0B722B93DDE00844851 /* TabViewController.swift */,
				32ACCAAF22BA9D6D00AFBA84 /* Meteor.swift */,
				32B6A01C22C5A52400DB4C5B /* ResizeImage.swift */,
			);
			path = BlindIn;
			sourceTree = "<group>";
		};
		3258DCEB227DCCBE0014B316 /* BlindInTests */ = {
			isa = PBXGroup;
			children = (
				3258DCEC227DCCBE0014B316 /* BlindInTests.swift */,
				3258DCEE227DCCBE0014B316 /* Info.plist */,
			);
			path = BlindInTests;
			sourceTree = "<group>";
		};
		3258DCF6227DCCBE0014B316 /* BlindInUITests */ = {
			isa = PBXGroup;
			children = (
				3258DCF7227DCCBE0014B316 /* BlindInUITests.swift */,
				3258DCF9227DCCBE0014B316 /* Info.plist */,
			);
			path = BlindInUITests;
			sourceTree = "<group>";
		};
		3258DD07227DCD560014B316 /* helpers */ = {
			isa = PBXGroup;
			children = (
				3258DD0D227DCDDF0014B316 /* Rating.swift */,
				3258DD0C227DCDDF0014B316 /* UIView+Extentions.swift */,
				3258DD08227DCDCA0014B316 /* NetworkManager.swift */,
				32E44B8822B7F04100D12BBB /* GradientView.swift */,
			);
			path = helpers;
			sourceTree = "<group>";
		};
		325FB0B922B94F0600844851 /* ZGEditProfileViewController */ = {
			isa = PBXGroup;
			children = (
				325FB0BA22B94F2A00844851 /* ZGEditProfileViewController.swift */,
			);
			path = ZGEditProfileViewController;
			sourceTree = "<group>";
		};
		326241BD22B53AF30085F643 /* MZNotificationViewController */ = {
			isa = PBXGroup;
			children = (
				326241BB22B53AE30085F643 /* MZNotificationViewController.swift */,
				326241C822B548750085F643 /* MZHangoutNotificationViewController */,
				326241C922B555260085F643 /* MZInviteNotificationViewController */,
			);
			path = MZNotificationViewController;
			sourceTree = "<group>";
		};
		326241C822B548750085F643 /* MZHangoutNotificationViewController */ = {
			isa = PBXGroup;
			children = (
				326241BE22B53FE50085F643 /* MZHangoutNotificationViewController.swift */,
				326241C022B5400F0085F643 /* MZHangoutNotificationTableViewCell.swift */,
				326241C122B5400F0085F643 /* MZHangoutNotificationTableViewCell.xib */,
				326241C422B544620085F643 /* MZHangoutAddPostTableViewCell.swift */,
				326241C522B544620085F643 /* MZHangoutAddPostTableViewCell.xib */,
			);
			path = MZHangoutNotificationViewController;
			sourceTree = "<group>";
		};
		326241C922B555260085F643 /* MZInviteNotificationViewController */ = {
			isa = PBXGroup;
			children = (
				326241CA22B555900085F643 /* MZInviteNotificationViewController.swift */,
				326241D022B556F30085F643 /* MZFollowBackTableViewCell.swift */,
				326241D122B556F30085F643 /* MZFollowBackTableViewCell.xib */,
				326241D422B5570A0085F643 /* MZConfirmBestieTableViewCell.swift */,
				326241D522B5570A0085F643 /* MZConfirmBestieTableViewCell.xib */,
			);
			path = MZInviteNotificationViewController;
			sourceTree = "<group>";
		};
		326241D822B574930085F643 /* MZHangoutSettingViewController */ = {
			isa = PBXGroup;
			children = (
				326241D922B574DA0085F643 /* MZHangoutSettingViewController.swift */,
			);
			path = MZHangoutSettingViewController;
			sourceTree = "<group>";
		};
		326241DB22B657150085F643 /* MZOffersDetailsViewController */ = {
			isa = PBXGroup;
			children = (
				326241DC22B6573E0085F643 /* MZOffersDetailsViewController.swift */,
			);
			path = MZOffersDetailsViewController;
			sourceTree = "<group>";
		};
		326241DE22B6A0930085F643 /* MZEventHistoryViewController */ = {
			isa = PBXGroup;
			children = (
				326241DF22B6A1400085F643 /* MZEventHistoryViewController.swift */,
				326241E222B6A1B80085F643 /* MZPastEventViewController */,
				326241E122B6A1640085F643 /* MZUpcomingEventViewController */,
				326241E322B6A5E90085F643 /* MZBothEventTableViewCell.swift */,
				326241E422B6A5E90085F643 /* MZBothEventTableViewCell.xib */,
			);
			path = MZEventHistoryViewController;
			sourceTree = "<group>";
		};
		326241E122B6A1640085F643 /* MZUpcomingEventViewController */ = {
			isa = PBXGroup;
			children = (
				326241E922B6AD4D0085F643 /* MZUpcomingEventViewController.swift */,
			);
			path = MZUpcomingEventViewController;
			sourceTree = "<group>";
		};
		326241E222B6A1B80085F643 /* MZPastEventViewController */ = {
			isa = PBXGroup;
			children = (
				326241E722B6AD0D0085F643 /* MZPastEventViewController.swift */,
			);
			path = MZPastEventViewController;
			sourceTree = "<group>";
		};
		32688EBC22A5E49300E6C89F /* MZOffersViewController */ = {
			isa = PBXGroup;
			children = (
				32688EBD22A5E4BE00E6C89F /* MZOffersViewController.swift */,
				32688EBF22A5E4E600E6C89F /* MZOffersTableViewCell.swift */,
				32688EC022A5E4E600E6C89F /* MZOffersTableViewCell.xib */,
				326241DB22B657150085F643 /* MZOffersDetailsViewController */,
			);
			path = MZOffersViewController;
			sourceTree = "<group>";
		};
		32688EC322A5F5CA00E6C89F /* MZAssignAdminsViewController */ = {
			isa = PBXGroup;
			children = (
				32688EC422A5F5F600E6C89F /* MZAssignAdminViewController.swift */,
				32688EC822A5F62900E6C89F /* MZAssignAdminTableViewCell.swift */,
				32688EC922A5F62900E6C89F /* MZAssignAdminTableViewCell.xib */,
			);
			path = MZAssignAdminsViewController;
			sourceTree = "<group>";
		};
		3272102122B9227300F089A0 /* ZGNewsFeedPostsDetailsViewController */ = {
			isa = PBXGroup;
			children = (
				3272102222B922AC00F089A0 /* ZGCommentsTableViewCell.swift */,
				3272102422B923CA00F089A0 /* ZGPostsDetailsViewController.swift */,
			);
			path = ZGNewsFeedPostsDetailsViewController;
			sourceTree = "<group>";
		};
		328A4C3A227E322500DFB85E /* ZGNewsFeedViewController */ = {
			isa = PBXGroup;
			children = (
				3272102122B9227300F089A0 /* ZGNewsFeedPostsDetailsViewController */,
				328A4C3B227E325C00DFB85E /* ZGNewsFeedTableViewCell.swift */,
				328A4C3D227E327200DFB85E /* ZGNewsFeedViewController.swift */,
			);
			path = ZGNewsFeedViewController;
			sourceTree = "<group>";
		};
		32AA1C13228DC5620036E252 /* MZInterestsViewController */ = {
			isa = PBXGroup;
			children = (
				32AA1C15228DC5C40036E252 /* MZInterestsViewController.swift */,
				32AA1C17228DC5E90036E252 /* MZInterestsCollectionViewCell.swift */,
			);
			path = MZInterestsViewController;
			sourceTree = "<group>";
		};
		32AA1C14228DC57B0036E252 /* MZAuthenticationViewController */ = {
			isa = PBXGroup;
			children = (
				32AA1C1D228DC63C0036E252 /* MZAuthViewController.swift */,
				32D8620A22A491F7001F0CC0 /* MZSignUpViewController */,
				32D8620922A491D8001F0CC0 /* MZLoginViewController */,
			);
			path = MZAuthenticationViewController;
			sourceTree = "<group>";
		};
		32AA1C1F228DEDD30036E252 /* MZHangoutViewController */ = {
			isa = PBXGroup;
			children = (
				32AA1C20228DEE900036E252 /* MZHangoutCreationViewController.swift */,
				32AA1C22228DF62F0036E252 /* MZHangoutDescriptionViewController.swift */,
				32BC9AAE22B3DA210075B8C0 /* MZHangoutMembersLimitViewController.swift */,
				E447D4DE22BF7D1500E82E35 /* MZInterestTableViewCell.swift */,
			);
			path = MZHangoutViewController;
			sourceTree = "<group>";
		};
		32AB8220227E522E00BD98D1 /* ZGUserProfileViewController */ = {
			isa = PBXGroup;
			children = (
				32AB8221227E526000BD98D1 /* ZGUserProfileCollectionViewCell.swift */,
				32AB8223227E527D00BD98D1 /* ZGUserProfileViewController.swift */,
				321B509522B6A85C00085670 /* ZGUserProfilePostsTableViewCell.swift */,
				321B509722B6B56400085670 /* ZGUserProfileBreifTableViewCell.swift */,
				321B509922B6B92A00085670 /* MyBriefTableViewCell.swift */,
				E4225B4F22C3665400E75713 /* MZProfileInterestsTableViewCell.swift */,
			);
			path = ZGUserProfileViewController;
			sourceTree = "<group>";
		};
		32AF49AC228EF09700EE7D18 /* ZGHangMapViewController */ = {
			isa = PBXGroup;
			children = (
				32AF49AD228EF0BF00EE7D18 /* ZGHangMapViewController.swift */,
				32AF49AF228F07F100EE7D18 /* CustomMarkerShape.swift */,
			);
			path = ZGHangMapViewController;
			sourceTree = "<group>";
		};
		32BEBF7422BC183F00778817 /* ZGHangoutProfilePosts */ = {
			isa = PBXGroup;
			children = (
				32E44B8A22B7F2DF00D12BBB /* ZGHangoutProfilePostsViewController.swift */,
				32BEBF7522BC189900778817 /* ZGHangoutProfileCommentsViewController.swift */,
			);
			path = ZGHangoutProfilePosts;
			sourceTree = "<group>";
		};
		32D8620822A4913C001F0CC0 /* MZInviteMembersViewController */ = {
			isa = PBXGroup;
			children = (
				32D8620B22A49294001F0CC0 /* MZInviteMembersViewController.swift */,
				322DEEA122A356A000408EC9 /* MZInviteFromCollectionViewController */,
				322DEEA022A3562D00408EC9 /* MZInviteFromMapViewController */,
			);
			path = MZInviteMembersViewController;
			sourceTree = "<group>";
		};
		32D8620922A491D8001F0CC0 /* MZLoginViewController */ = {
			isa = PBXGroup;
			children = (
				32AA1C19228DC6180036E252 /* MZLoginViewController.swift */,
			);
			path = MZLoginViewController;
			sourceTree = "<group>";
		};
		32D8620A22A491F7001F0CC0 /* MZSignUpViewController */ = {
			isa = PBXGroup;
			children = (
				32AA1C1B228DC62B0036E252 /* MZSignUpViewController.swift */,
			);
			path = MZSignUpViewController;
			sourceTree = "<group>";
		};
		32D8620D22A4B375001F0CC0 /* MZAllowedMemberViewController */ = {
			isa = PBXGroup;
			children = (
				32D8620E22A4B3D4001F0CC0 /* MZAllowedMemberViewController.swift */,
				32D8621022A4B4F6001F0CC0 /* MZAllowedMemberTableViewCell.swift */,
				32D8621122A4B4F6001F0CC0 /* MZAllowedMemberTableViewCell.xib */,
			);
			path = MZAllowedMemberViewController;
			sourceTree = "<group>";
		};
		32D8621422A4BF9E001F0CC0 /* MZBestiesViewController */ = {
			isa = PBXGroup;
			children = (
				32D8621522A4BFD8001F0CC0 /* MZBestiesViewController.swift */,
				32D8621B22A4C3A7001F0CC0 /* MZBestieTableViewCell.swift */,
				32D8621C22A4C3A7001F0CC0 /* MZBestieTableViewCell.xib */,
				E4004BE722C4F46100D8A290 /* MZAddBestiesViewController.swift */,
				E4004BE922C4F48600D8A290 /* MZAddBestiesTableViewCell.swift */,
				E4004BEA22C4F48600D8A290 /* MZAddBestiesTableViewCell.xib */,
			);
			path = MZBestiesViewController;
			sourceTree = "<group>";
		};
		32E44B8522B7E81200D12BBB /* ZGHangoutProfileViewController */ = {
			isa = PBXGroup;
			children = (
				32BEBF7422BC183F00778817 /* ZGHangoutProfilePosts */,
				32E44B8622B7E83400D12BBB /* ZGHangoutProfileViewController.swift */,
				32E44B8C22B7FDB000D12BBB /* MyMessagesTableViewCell.swift */,
				32E44B8E22B7FDCF00D12BBB /* OtherMessagesTableViewCell.swift */,
				32E44B9022B7FDF800D12BBB /* ZGHangoutProfileChatViewController.swift */,
				32BEBF7222BBFAFF00778817 /* ZGAddNewPostViewController.swift */,
			);
			path = ZGHangoutProfileViewController;
			sourceTree = "<group>";
		};
		32E44B9222B8211200D12BBB /* ZGMoreViewController */ = {
			isa = PBXGroup;
			children = (
				325FB0B922B94F0600844851 /* ZGEditProfileViewController */,
				32E44B9322B8213900D12BBB /* ZGMoreViewController.swift */,
				32E44B9522B8215900D12BBB /* ZGMoreTableViewCell.swift */,
			);
			path = ZGMoreViewController;
			sourceTree = "<group>";
		};
		E43E652022BB0A5300BF14FB /* MZHangoutLocationViewController */ = {
			isa = PBXGroup;
			children = (
				E43E652322BB0E1400BF14FB /* MZHangoutSetLocationViewController.swift */,
				E43E652722BB10ED00BF14FB /* CircularMarkerShape.swift */,
				E43E652122BB0A8D00BF14FB /* Third.storyboard */,
			);
			path = MZHangoutLocationViewController;
			sourceTree = "<group>";
		};
		FB122979B54AA2A01C48213A /* Pods */ = {
			isa = PBXGroup;
			children = (
				7DC59AC3B7B13952DA6A7CDF /* Pods-BlindIn.debug.xcconfig */,
				6E1FA619F54E85D966466F28 /* Pods-BlindIn.release.xcconfig */,
				292CEBE25B1306A3487B0D26 /* Pods-BlindInTests.debug.xcconfig */,
				FB6B4CA0030176FC419CB326 /* Pods-BlindInTests.release.xcconfig */,
				0D58DBD301ADDFF192E4F9B9 /* Pods-BlindInUITests.debug.xcconfig */,
				3D9FC336C61DA2527110FD23 /* Pods-BlindInUITests.release.xcconfig */,
			);
			path = Pods;
			sourceTree = "<group>";
		};
/* End PBXGroup section */

/* Begin PBXNativeTarget section */
		3258DCD3227DCCBA0014B316 /* BlindIn */ = {
			isa = PBXNativeTarget;
			buildConfigurationList = 3258DCFC227DCCBE0014B316 /* Build configuration list for PBXNativeTarget "BlindIn" */;
			buildPhases = (
				8508D7C8D30FE0E6B1035269 /* [CP] Check Pods Manifest.lock */,
				3258DCD0227DCCBA0014B316 /* Sources */,
				3258DCD1227DCCBA0014B316 /* Frameworks */,
				3258DCD2227DCCBA0014B316 /* Resources */,
				D4A2CD7848240CB6D030694D /* [CP] Embed Pods Frameworks */,
				8C0B5F51F674B5E34753DBA6 /* [CP] Copy Pods Resources */,
			);
			buildRules = (
			);
			dependencies = (
			);
			name = BlindIn;
			productName = BlindIn;
			productReference = 3258DCD4227DCCBA0014B316 /* BlindIn.app */;
			productType = "com.apple.product-type.application";
		};
		3258DCE7227DCCBE0014B316 /* BlindInTests */ = {
			isa = PBXNativeTarget;
			buildConfigurationList = 3258DCFF227DCCBE0014B316 /* Build configuration list for PBXNativeTarget "BlindInTests" */;
			buildPhases = (
				5D29B0CBF74779F3411D776A /* [CP] Check Pods Manifest.lock */,
				3258DCE4227DCCBE0014B316 /* Sources */,
				3258DCE5227DCCBE0014B316 /* Frameworks */,
				3258DCE6227DCCBE0014B316 /* Resources */,
			);
			buildRules = (
			);
			dependencies = (
				3258DCEA227DCCBE0014B316 /* PBXTargetDependency */,
			);
			name = BlindInTests;
			productName = BlindInTests;
			productReference = 3258DCE8227DCCBE0014B316 /* BlindInTests.xctest */;
			productType = "com.apple.product-type.bundle.unit-test";
		};
		3258DCF2227DCCBE0014B316 /* BlindInUITests */ = {
			isa = PBXNativeTarget;
			buildConfigurationList = 3258DD02227DCCBE0014B316 /* Build configuration list for PBXNativeTarget "BlindInUITests" */;
			buildPhases = (
				FBE2AEFA116F001AE7184AE5 /* [CP] Check Pods Manifest.lock */,
				3258DCEF227DCCBE0014B316 /* Sources */,
				3258DCF0227DCCBE0014B316 /* Frameworks */,
				3258DCF1227DCCBE0014B316 /* Resources */,
			);
			buildRules = (
			);
			dependencies = (
				3258DCF5227DCCBE0014B316 /* PBXTargetDependency */,
			);
			name = BlindInUITests;
			productName = BlindInUITests;
			productReference = 3258DCF3227DCCBE0014B316 /* BlindInUITests.xctest */;
			productType = "com.apple.product-type.bundle.ui-testing";
		};
/* End PBXNativeTarget section */

/* Begin PBXProject section */
		3258DCCC227DCCBA0014B316 /* Project object */ = {
			isa = PBXProject;
			attributes = {
				LastSwiftUpdateCheck = 1010;
				LastUpgradeCheck = 1010;
				ORGANIZATIONNAME = "Zyad Galal";
				TargetAttributes = {
					3258DCD3227DCCBA0014B316 = {
						CreatedOnToolsVersion = 10.1;
					};
					3258DCE7227DCCBE0014B316 = {
						CreatedOnToolsVersion = 10.1;
						TestTargetID = 3258DCD3227DCCBA0014B316;
					};
					3258DCF2227DCCBE0014B316 = {
						CreatedOnToolsVersion = 10.1;
						TestTargetID = 3258DCD3227DCCBA0014B316;
					};
				};
			};
			buildConfigurationList = 3258DCCF227DCCBA0014B316 /* Build configuration list for PBXProject "BlindIn" */;
			compatibilityVersion = "Xcode 9.3";
			developmentRegion = en;
			hasScannedForEncodings = 0;
			knownRegions = (
				en,
				Base,
			);
			mainGroup = 3258DCCB227DCCBA0014B316;
			productRefGroup = 3258DCD5227DCCBA0014B316 /* Products */;
			projectDirPath = "";
			projectRoot = "";
			targets = (
				3258DCD3227DCCBA0014B316 /* BlindIn */,
				3258DCE7227DCCBE0014B316 /* BlindInTests */,
				3258DCF2227DCCBE0014B316 /* BlindInUITests */,
			);
		};
/* End PBXProject section */

/* Begin PBXResourcesBuildPhase section */
		3258DCD2227DCCBA0014B316 /* Resources */ = {
			isa = PBXResourcesBuildPhase;
			buildActionMask = 2147483647;
			files = (
				E4004BEC22C4F48600D8A290 /* MZAddBestiesTableViewCell.xib in Resources */,
				329AB0C3228F34F8007234CE /* Second.storyboard in Resources */,
				32688EC222A5E4E600E6C89F /* MZOffersTableViewCell.xib in Resources */,
				326241E622B6A5E90085F643 /* MZBothEventTableViewCell.xib in Resources */,
				326241C322B5400F0085F643 /* MZHangoutNotificationTableViewCell.xib in Resources */,
				E43E652222BB0A8D00BF14FB /* Third.storyboard in Resources */,
				3258DCE2227DCCBE0014B316 /* LaunchScreen.storyboard in Resources */,
				32D8621322A4B4F6001F0CC0 /* MZAllowedMemberTableViewCell.xib in Resources */,
				3258DCDF227DCCBE0014B316 /* Assets.xcassets in Resources */,
				326241D322B556F30085F643 /* MZFollowBackTableViewCell.xib in Resources */,
				32D8621E22A4C3A7001F0CC0 /* MZBestieTableViewCell.xib in Resources */,
				326241C722B544620085F643 /* MZHangoutAddPostTableViewCell.xib in Resources */,
				3258DCDD227DCCBA0014B316 /* Main.storyboard in Resources */,
				326241D722B5570A0085F643 /* MZConfirmBestieTableViewCell.xib in Resources */,
				32688ECB22A5F62900E6C89F /* MZAssignAdminTableViewCell.xib in Resources */,
				321B50A522B7C9C900085670 /* HangoutProfile.storyboard in Resources */,
			);
			runOnlyForDeploymentPostprocessing = 0;
		};
		3258DCE6227DCCBE0014B316 /* Resources */ = {
			isa = PBXResourcesBuildPhase;
			buildActionMask = 2147483647;
			files = (
			);
			runOnlyForDeploymentPostprocessing = 0;
		};
		3258DCF1227DCCBE0014B316 /* Resources */ = {
			isa = PBXResourcesBuildPhase;
			buildActionMask = 2147483647;
			files = (
			);
			runOnlyForDeploymentPostprocessing = 0;
		};
/* End PBXResourcesBuildPhase section */

/* Begin PBXShellScriptBuildPhase section */
		5D29B0CBF74779F3411D776A /* [CP] Check Pods Manifest.lock */ = {
			isa = PBXShellScriptBuildPhase;
			buildActionMask = 2147483647;
			files = (
			);
			inputFileListPaths = (
			);
			inputPaths = (
				"${PODS_PODFILE_DIR_PATH}/Podfile.lock",
				"${PODS_ROOT}/Manifest.lock",
			);
			name = "[CP] Check Pods Manifest.lock";
			outputFileListPaths = (
			);
			outputPaths = (
				"$(DERIVED_FILE_DIR)/Pods-BlindInTests-checkManifestLockResult.txt",
			);
			runOnlyForDeploymentPostprocessing = 0;
			shellPath = /bin/sh;
			shellScript = "diff \"${PODS_PODFILE_DIR_PATH}/Podfile.lock\" \"${PODS_ROOT}/Manifest.lock\" > /dev/null\nif [ $? != 0 ] ; then\n    # print error to STDERR\n    echo \"error: The sandbox is not in sync with the Podfile.lock. Run 'pod install' or update your CocoaPods installation.\" >&2\n    exit 1\nfi\n# This output is used by Xcode 'outputs' to avoid re-running this script phase.\necho \"SUCCESS\" > \"${SCRIPT_OUTPUT_FILE_0}\"\n";
			showEnvVarsInLog = 0;
		};
		8508D7C8D30FE0E6B1035269 /* [CP] Check Pods Manifest.lock */ = {
			isa = PBXShellScriptBuildPhase;
			buildActionMask = 2147483647;
			files = (
			);
			inputFileListPaths = (
			);
			inputPaths = (
				"${PODS_PODFILE_DIR_PATH}/Podfile.lock",
				"${PODS_ROOT}/Manifest.lock",
			);
			name = "[CP] Check Pods Manifest.lock";
			outputFileListPaths = (
			);
			outputPaths = (
				"$(DERIVED_FILE_DIR)/Pods-BlindIn-checkManifestLockResult.txt",
			);
			runOnlyForDeploymentPostprocessing = 0;
			shellPath = /bin/sh;
			shellScript = "diff \"${PODS_PODFILE_DIR_PATH}/Podfile.lock\" \"${PODS_ROOT}/Manifest.lock\" > /dev/null\nif [ $? != 0 ] ; then\n    # print error to STDERR\n    echo \"error: The sandbox is not in sync with the Podfile.lock. Run 'pod install' or update your CocoaPods installation.\" >&2\n    exit 1\nfi\n# This output is used by Xcode 'outputs' to avoid re-running this script phase.\necho \"SUCCESS\" > \"${SCRIPT_OUTPUT_FILE_0}\"\n";
			showEnvVarsInLog = 0;
		};
		8C0B5F51F674B5E34753DBA6 /* [CP] Copy Pods Resources */ = {
			isa = PBXShellScriptBuildPhase;
			buildActionMask = 2147483647;
			files = (
			);
			inputFileListPaths = (
				"${PODS_ROOT}/Target Support Files/Pods-BlindIn/Pods-BlindIn-resources-${CONFIGURATION}-input-files.xcfilelist",
			);
			name = "[CP] Copy Pods Resources";
			outputFileListPaths = (
				"${PODS_ROOT}/Target Support Files/Pods-BlindIn/Pods-BlindIn-resources-${CONFIGURATION}-output-files.xcfilelist",
			);
			runOnlyForDeploymentPostprocessing = 0;
			shellPath = /bin/sh;
			shellScript = "\"${PODS_ROOT}/Target Support Files/Pods-BlindIn/Pods-BlindIn-resources.sh\"\n";
			showEnvVarsInLog = 0;
		};
		D4A2CD7848240CB6D030694D /* [CP] Embed Pods Frameworks */ = {
			isa = PBXShellScriptBuildPhase;
			buildActionMask = 2147483647;
			files = (
			);
			inputFileListPaths = (
				"${PODS_ROOT}/Target Support Files/Pods-BlindIn/Pods-BlindIn-frameworks-${CONFIGURATION}-input-files.xcfilelist",
			);
			name = "[CP] Embed Pods Frameworks";
			outputFileListPaths = (
				"${PODS_ROOT}/Target Support Files/Pods-BlindIn/Pods-BlindIn-frameworks-${CONFIGURATION}-output-files.xcfilelist",
			);
			runOnlyForDeploymentPostprocessing = 0;
			shellPath = /bin/sh;
			shellScript = "\"${PODS_ROOT}/Target Support Files/Pods-BlindIn/Pods-BlindIn-frameworks.sh\"\n";
			showEnvVarsInLog = 0;
		};
		FBE2AEFA116F001AE7184AE5 /* [CP] Check Pods Manifest.lock */ = {
			isa = PBXShellScriptBuildPhase;
			buildActionMask = 2147483647;
			files = (
			);
			inputFileListPaths = (
			);
			inputPaths = (
				"${PODS_PODFILE_DIR_PATH}/Podfile.lock",
				"${PODS_ROOT}/Manifest.lock",
			);
			name = "[CP] Check Pods Manifest.lock";
			outputFileListPaths = (
			);
			outputPaths = (
				"$(DERIVED_FILE_DIR)/Pods-BlindInUITests-checkManifestLockResult.txt",
			);
			runOnlyForDeploymentPostprocessing = 0;
			shellPath = /bin/sh;
			shellScript = "diff \"${PODS_PODFILE_DIR_PATH}/Podfile.lock\" \"${PODS_ROOT}/Manifest.lock\" > /dev/null\nif [ $? != 0 ] ; then\n    # print error to STDERR\n    echo \"error: The sandbox is not in sync with the Podfile.lock. Run 'pod install' or update your CocoaPods installation.\" >&2\n    exit 1\nfi\n# This output is used by Xcode 'outputs' to avoid re-running this script phase.\necho \"SUCCESS\" > \"${SCRIPT_OUTPUT_FILE_0}\"\n";
			showEnvVarsInLog = 0;
		};
/* End PBXShellScriptBuildPhase section */

/* Begin PBXSourcesBuildPhase section */
		3258DCD0227DCCBA0014B316 /* Sources */ = {
			isa = PBXSourcesBuildPhase;
			buildActionMask = 2147483647;
			files = (
				32BEBF7322BBFAFF00778817 /* ZGAddNewPostViewController.swift in Sources */,
				32AF49AE228EF0BF00EE7D18 /* ZGHangMapViewController.swift in Sources */,
				E43E652822BB10ED00BF14FB /* CircularMarkerShape.swift in Sources */,
				321B50A222B6D01700085670 /* ZGPostsContainerViewController.swift in Sources */,
				32AB8222227E526000BD98D1 /* ZGUserProfileCollectionViewCell.swift in Sources */,
				321B509A22B6B92A00085670 /* MyBriefTableViewCell.swift in Sources */,
				E4225B5022C3665400E75713 /* MZProfileInterestsTableViewCell.swift in Sources */,
				322DEEA722A368C100408EC9 /* MZInviteFromCollectionViewController.swift in Sources */,
				32D8621622A4BFD8001F0CC0 /* MZBestiesViewController.swift in Sources */,
				326241BC22B53AE30085F643 /* MZNotificationViewController.swift in Sources */,
				32AB8224227E527D00BD98D1 /* ZGUserProfileViewController.swift in Sources */,
				326241E522B6A5E90085F643 /* MZBothEventTableViewCell.swift in Sources */,
				E4004BEB22C4F48600D8A290 /* MZAddBestiesTableViewCell.swift in Sources */,
				326241D222B556F30085F643 /* MZFollowBackTableViewCell.swift in Sources */,
				32E44B9622B8215900D12BBB /* ZGMoreTableViewCell.swift in Sources */,
				32688EC122A5E4E600E6C89F /* MZOffersTableViewCell.swift in Sources */,
				32D8620F22A4B3D4001F0CC0 /* MZAllowedMemberViewController.swift in Sources */,
				326241DA22B574DA0085F643 /* MZHangoutSettingViewController.swift in Sources */,
				326241CB22B555900085F643 /* MZInviteNotificationViewController.swift in Sources */,
				321B509822B6B56400085670 /* ZGUserProfileBreifTableViewCell.swift in Sources */,
				32AA1C1C228DC62B0036E252 /* MZSignUpViewController.swift in Sources */,
				32E44B8922B7F04100D12BBB /* GradientView.swift in Sources */,
				326241C622B544620085F643 /* MZHangoutAddPostTableViewCell.swift in Sources */,
				32ACCAB022BA9D6D00AFBA84 /* Meteor.swift in Sources */,
				32688EC522A5F5F600E6C89F /* MZAssignAdminViewController.swift in Sources */,
				32AA1C23228DF62F0036E252 /* MZHangoutDescriptionViewController.swift in Sources */,
				32BC9AAF22B3DA210075B8C0 /* MZHangoutMembersLimitViewController.swift in Sources */,
				326241EA22B6AD4D0085F643 /* MZUpcomingEventViewController.swift in Sources */,
				3258DD09227DCDCA0014B316 /* NetworkManager.swift in Sources */,
				326241C222B5400F0085F643 /* MZHangoutNotificationTableViewCell.swift in Sources */,
				32AA1C16228DC5C40036E252 /* MZInterestsViewController.swift in Sources */,
				32E44B8D22B7FDB000D12BBB /* MyMessagesTableViewCell.swift in Sources */,
				32E44B9122B7FDF800D12BBB /* ZGHangoutProfileChatViewController.swift in Sources */,
				321B509E22B6C37F00085670 /* ExploreTableViewCell.swift in Sources */,
				32688EBE22A5E4BE00E6C89F /* MZOffersViewController.swift in Sources */,
				3258DCDA227DCCBA0014B316 /* ViewController.swift in Sources */,
				3272102522B923CB00F089A0 /* ZGPostsDetailsViewController.swift in Sources */,
				32D8620C22A49294001F0CC0 /* MZInviteMembersViewController.swift in Sources */,
				32AA1C1A228DC6180036E252 /* MZLoginViewController.swift in Sources */,
				325FB0BB22B94F2A00844851 /* ZGEditProfileViewController.swift in Sources */,
				32BEBF7622BC189900778817 /* ZGHangoutProfileCommentsViewController.swift in Sources */,
				32688ECA22A5F62900E6C89F /* MZAssignAdminTableViewCell.swift in Sources */,
				326241DD22B6573E0085F643 /* MZOffersDetailsViewController.swift in Sources */,
				32E44B9422B8213900D12BBB /* ZGMoreViewController.swift in Sources */,
				322DEEA322A3571600408EC9 /* MZInviteFromMapViewController.swift in Sources */,
				3258DD11227DCDDF0014B316 /* UIView+Extentions.swift in Sources */,
				32D8621222A4B4F6001F0CC0 /* MZAllowedMemberTableViewCell.swift in Sources */,
				322DEEA922A368EE00408EC9 /* MZNearbyMemberCollectionViewCell.swift in Sources */,
				32B6A01D22C5A52400DB4C5B /* ResizeImage.swift in Sources */,
				326241D622B5570A0085F643 /* MZConfirmBestieTableViewCell.swift in Sources */,
				328A4C3C227E325C00DFB85E /* ZGNewsFeedTableViewCell.swift in Sources */,
				32AA1C21228DEE900036E252 /* MZHangoutCreationViewController.swift in Sources */,
				32D8621D22A4C3A7001F0CC0 /* MZBestieTableViewCell.swift in Sources */,
				32AA1C18228DC5E90036E252 /* MZInterestsCollectionViewCell.swift in Sources */,
				325FB0B822B93DDE00844851 /* TabViewController.swift in Sources */,
				32AF49B0228F07F100EE7D18 /* CustomMarkerShape.swift in Sources */,
				3272102322B922AC00F089A0 /* ZGCommentsTableViewCell.swift in Sources */,
				E4004BE822C4F46100D8A290 /* MZAddBestiesViewController.swift in Sources */,
				32E44B8B22B7F2DF00D12BBB /* ZGHangoutProfilePostsViewController.swift in Sources */,
				322DEEAB22A3690300408EC9 /* MZBestiesCollectionViewCell.swift in Sources */,
				E43E652422BB0E1400BF14FB /* MZHangoutSetLocationViewController.swift in Sources */,
				32E44B8722B7E83400D12BBB /* ZGHangoutProfileViewController.swift in Sources */,
				E447D4DF22BF7D1500E82E35 /* MZInterestTableViewCell.swift in Sources */,
				3258DCD8227DCCBA0014B316 /* AppDelegate.swift in Sources */,
				326241E822B6AD0D0085F643 /* MZPastEventViewController.swift in Sources */,
				32E44B8F22B7FDCF00D12BBB /* OtherMessagesTableViewCell.swift in Sources */,
				321B50A022B6C43E00085670 /* ExploreViewController.swift in Sources */,
				32AA1C1E228DC63C0036E252 /* MZAuthViewController.swift in Sources */,
				3258DD12227DCDDF0014B316 /* Rating.swift in Sources */,
				326241E022B6A1400085F643 /* MZEventHistoryViewController.swift in Sources */,
				328A4C3E227E327200DFB85E /* ZGNewsFeedViewController.swift in Sources */,
				326241BF22B53FE50085F643 /* MZHangoutNotificationViewController.swift in Sources */,
				321B509622B6A85C00085670 /* ZGUserProfilePostsTableViewCell.swift in Sources */,
			);
			runOnlyForDeploymentPostprocessing = 0;
		};
		3258DCE4227DCCBE0014B316 /* Sources */ = {
			isa = PBXSourcesBuildPhase;
			buildActionMask = 2147483647;
			files = (
				3258DCED227DCCBE0014B316 /* BlindInTests.swift in Sources */,
			);
			runOnlyForDeploymentPostprocessing = 0;
		};
		3258DCEF227DCCBE0014B316 /* Sources */ = {
			isa = PBXSourcesBuildPhase;
			buildActionMask = 2147483647;
			files = (
				3258DCF8227DCCBE0014B316 /* BlindInUITests.swift in Sources */,
			);
			runOnlyForDeploymentPostprocessing = 0;
		};
/* End PBXSourcesBuildPhase section */

/* Begin PBXTargetDependency section */
		3258DCEA227DCCBE0014B316 /* PBXTargetDependency */ = {
			isa = PBXTargetDependency;
			target = 3258DCD3227DCCBA0014B316 /* BlindIn */;
			targetProxy = 3258DCE9227DCCBE0014B316 /* PBXContainerItemProxy */;
		};
		3258DCF5227DCCBE0014B316 /* PBXTargetDependency */ = {
			isa = PBXTargetDependency;
			target = 3258DCD3227DCCBA0014B316 /* BlindIn */;
			targetProxy = 3258DCF4227DCCBE0014B316 /* PBXContainerItemProxy */;
		};
/* End PBXTargetDependency section */

/* Begin PBXVariantGroup section */
		3258DCDB227DCCBA0014B316 /* Main.storyboard */ = {
			isa = PBXVariantGroup;
			children = (
				3258DCDC227DCCBA0014B316 /* Base */,
			);
			name = Main.storyboard;
			sourceTree = "<group>";
		};
		3258DCE0227DCCBE0014B316 /* LaunchScreen.storyboard */ = {
			isa = PBXVariantGroup;
			children = (
				3258DCE1227DCCBE0014B316 /* Base */,
			);
			name = LaunchScreen.storyboard;
			sourceTree = "<group>";
		};
		329AB0C1228F34F7007234CE /* Second.storyboard */ = {
			isa = PBXVariantGroup;
			children = (
				329AB0C2228F34F7007234CE /* Base */,
			);
			name = Second.storyboard;
			sourceTree = "<group>";
		};
/* End PBXVariantGroup section */

/* Begin XCBuildConfiguration section */
		3258DCFA227DCCBE0014B316 /* Debug */ = {
			isa = XCBuildConfiguration;
			buildSettings = {
				ALWAYS_SEARCH_USER_PATHS = NO;
				CLANG_ANALYZER_NONNULL = YES;
				CLANG_ANALYZER_NUMBER_OBJECT_CONVERSION = YES_AGGRESSIVE;
				CLANG_CXX_LANGUAGE_STANDARD = "gnu++14";
				CLANG_CXX_LIBRARY = "libc++";
				CLANG_ENABLE_MODULES = YES;
				CLANG_ENABLE_OBJC_ARC = YES;
				CLANG_ENABLE_OBJC_WEAK = YES;
				CLANG_WARN_BLOCK_CAPTURE_AUTORELEASING = YES;
				CLANG_WARN_BOOL_CONVERSION = YES;
				CLANG_WARN_COMMA = YES;
				CLANG_WARN_CONSTANT_CONVERSION = YES;
				CLANG_WARN_DEPRECATED_OBJC_IMPLEMENTATIONS = YES;
				CLANG_WARN_DIRECT_OBJC_ISA_USAGE = YES_ERROR;
				CLANG_WARN_DOCUMENTATION_COMMENTS = YES;
				CLANG_WARN_EMPTY_BODY = YES;
				CLANG_WARN_ENUM_CONVERSION = YES;
				CLANG_WARN_INFINITE_RECURSION = YES;
				CLANG_WARN_INT_CONVERSION = YES;
				CLANG_WARN_NON_LITERAL_NULL_CONVERSION = YES;
				CLANG_WARN_OBJC_IMPLICIT_RETAIN_SELF = YES;
				CLANG_WARN_OBJC_LITERAL_CONVERSION = YES;
				CLANG_WARN_OBJC_ROOT_CLASS = YES_ERROR;
				CLANG_WARN_RANGE_LOOP_ANALYSIS = YES;
				CLANG_WARN_STRICT_PROTOTYPES = YES;
				CLANG_WARN_SUSPICIOUS_MOVE = YES;
				CLANG_WARN_UNGUARDED_AVAILABILITY = YES_AGGRESSIVE;
				CLANG_WARN_UNREACHABLE_CODE = YES;
				CLANG_WARN__DUPLICATE_METHOD_MATCH = YES;
				CODE_SIGN_IDENTITY = "iPhone Developer";
				COPY_PHASE_STRIP = NO;
				DEBUG_INFORMATION_FORMAT = dwarf;
				ENABLE_STRICT_OBJC_MSGSEND = YES;
				ENABLE_TESTABILITY = YES;
				GCC_C_LANGUAGE_STANDARD = gnu11;
				GCC_DYNAMIC_NO_PIC = NO;
				GCC_NO_COMMON_BLOCKS = YES;
				GCC_OPTIMIZATION_LEVEL = 0;
				GCC_PREPROCESSOR_DEFINITIONS = (
					"DEBUG=1",
					"$(inherited)",
				);
				GCC_WARN_64_TO_32_BIT_CONVERSION = YES;
				GCC_WARN_ABOUT_RETURN_TYPE = YES_ERROR;
				GCC_WARN_UNDECLARED_SELECTOR = YES;
				GCC_WARN_UNINITIALIZED_AUTOS = YES_AGGRESSIVE;
				GCC_WARN_UNUSED_FUNCTION = YES;
				GCC_WARN_UNUSED_VARIABLE = YES;
				IPHONEOS_DEPLOYMENT_TARGET = 12.1;
				MTL_ENABLE_DEBUG_INFO = INCLUDE_SOURCE;
				MTL_FAST_MATH = YES;
				ONLY_ACTIVE_ARCH = YES;
				SDKROOT = iphoneos;
				SWIFT_ACTIVE_COMPILATION_CONDITIONS = DEBUG;
				SWIFT_OPTIMIZATION_LEVEL = "-Onone";
			};
			name = Debug;
		};
		3258DCFB227DCCBE0014B316 /* Release */ = {
			isa = XCBuildConfiguration;
			buildSettings = {
				ALWAYS_SEARCH_USER_PATHS = NO;
				CLANG_ANALYZER_NONNULL = YES;
				CLANG_ANALYZER_NUMBER_OBJECT_CONVERSION = YES_AGGRESSIVE;
				CLANG_CXX_LANGUAGE_STANDARD = "gnu++14";
				CLANG_CXX_LIBRARY = "libc++";
				CLANG_ENABLE_MODULES = YES;
				CLANG_ENABLE_OBJC_ARC = YES;
				CLANG_ENABLE_OBJC_WEAK = YES;
				CLANG_WARN_BLOCK_CAPTURE_AUTORELEASING = YES;
				CLANG_WARN_BOOL_CONVERSION = YES;
				CLANG_WARN_COMMA = YES;
				CLANG_WARN_CONSTANT_CONVERSION = YES;
				CLANG_WARN_DEPRECATED_OBJC_IMPLEMENTATIONS = YES;
				CLANG_WARN_DIRECT_OBJC_ISA_USAGE = YES_ERROR;
				CLANG_WARN_DOCUMENTATION_COMMENTS = YES;
				CLANG_WARN_EMPTY_BODY = YES;
				CLANG_WARN_ENUM_CONVERSION = YES;
				CLANG_WARN_INFINITE_RECURSION = YES;
				CLANG_WARN_INT_CONVERSION = YES;
				CLANG_WARN_NON_LITERAL_NULL_CONVERSION = YES;
				CLANG_WARN_OBJC_IMPLICIT_RETAIN_SELF = YES;
				CLANG_WARN_OBJC_LITERAL_CONVERSION = YES;
				CLANG_WARN_OBJC_ROOT_CLASS = YES_ERROR;
				CLANG_WARN_RANGE_LOOP_ANALYSIS = YES;
				CLANG_WARN_STRICT_PROTOTYPES = YES;
				CLANG_WARN_SUSPICIOUS_MOVE = YES;
				CLANG_WARN_UNGUARDED_AVAILABILITY = YES_AGGRESSIVE;
				CLANG_WARN_UNREACHABLE_CODE = YES;
				CLANG_WARN__DUPLICATE_METHOD_MATCH = YES;
				CODE_SIGN_IDENTITY = "iPhone Developer";
				COPY_PHASE_STRIP = NO;
				DEBUG_INFORMATION_FORMAT = "dwarf-with-dsym";
				ENABLE_NS_ASSERTIONS = NO;
				ENABLE_STRICT_OBJC_MSGSEND = YES;
				GCC_C_LANGUAGE_STANDARD = gnu11;
				GCC_NO_COMMON_BLOCKS = YES;
				GCC_WARN_64_TO_32_BIT_CONVERSION = YES;
				GCC_WARN_ABOUT_RETURN_TYPE = YES_ERROR;
				GCC_WARN_UNDECLARED_SELECTOR = YES;
				GCC_WARN_UNINITIALIZED_AUTOS = YES_AGGRESSIVE;
				GCC_WARN_UNUSED_FUNCTION = YES;
				GCC_WARN_UNUSED_VARIABLE = YES;
				IPHONEOS_DEPLOYMENT_TARGET = 12.1;
				MTL_ENABLE_DEBUG_INFO = NO;
				MTL_FAST_MATH = YES;
				SDKROOT = iphoneos;
				SWIFT_COMPILATION_MODE = wholemodule;
				SWIFT_OPTIMIZATION_LEVEL = "-O";
				VALIDATE_PRODUCT = YES;
			};
			name = Release;
		};
		3258DCFD227DCCBE0014B316 /* Debug */ = {
			isa = XCBuildConfiguration;
			baseConfigurationReference = 7DC59AC3B7B13952DA6A7CDF /* Pods-BlindIn.debug.xcconfig */;
			buildSettings = {
				ASSETCATALOG_COMPILER_APPICON_NAME = AppIcon;
				CODE_SIGN_STYLE = Automatic;
				DEVELOPMENT_TEAM = MLXYZ7TJ5Q;
				INFOPLIST_FILE = BlindIn/Info.plist;
				LD_RUNPATH_SEARCH_PATHS = (
					"$(inherited)",
					"@executable_path/Frameworks",
				);
				PRODUCT_BUNDLE_IDENTIFIER = com.BlindInCo.BlindIn;
				PRODUCT_NAME = "$(TARGET_NAME)";
				SWIFT_VERSION = 4.2;
				TARGETED_DEVICE_FAMILY = "1,2";
			};
			name = Debug;
		};
		3258DCFE227DCCBE0014B316 /* Release */ = {
			isa = XCBuildConfiguration;
			baseConfigurationReference = 6E1FA619F54E85D966466F28 /* Pods-BlindIn.release.xcconfig */;
			buildSettings = {
				ASSETCATALOG_COMPILER_APPICON_NAME = AppIcon;
				CODE_SIGN_STYLE = Automatic;
				DEVELOPMENT_TEAM = MLXYZ7TJ5Q;
				INFOPLIST_FILE = BlindIn/Info.plist;
				LD_RUNPATH_SEARCH_PATHS = (
					"$(inherited)",
					"@executable_path/Frameworks",
				);
				PRODUCT_BUNDLE_IDENTIFIER = com.BlindInCo.BlindIn;
				PRODUCT_NAME = "$(TARGET_NAME)";
				SWIFT_VERSION = 4.2;
				TARGETED_DEVICE_FAMILY = "1,2";
			};
			name = Release;
		};
		3258DD00227DCCBE0014B316 /* Debug */ = {
			isa = XCBuildConfiguration;
			baseConfigurationReference = 292CEBE25B1306A3487B0D26 /* Pods-BlindInTests.debug.xcconfig */;
			buildSettings = {
				ALWAYS_EMBED_SWIFT_STANDARD_LIBRARIES = YES;
				BUNDLE_LOADER = "$(TEST_HOST)";
				CODE_SIGN_STYLE = Automatic;
				DEVELOPMENT_TEAM = MLXYZ7TJ5Q;
				INFOPLIST_FILE = BlindInTests/Info.plist;
				LD_RUNPATH_SEARCH_PATHS = (
					"$(inherited)",
					"@executable_path/Frameworks",
					"@loader_path/Frameworks",
				);
				PRODUCT_BUNDLE_IDENTIFIER = com.BlindInCo.BlindInTests;
				PRODUCT_NAME = "$(TARGET_NAME)";
				SWIFT_VERSION = 4.2;
				TARGETED_DEVICE_FAMILY = "1,2";
				TEST_HOST = "$(BUILT_PRODUCTS_DIR)/BlindIn.app/BlindIn";
			};
			name = Debug;
		};
		3258DD01227DCCBE0014B316 /* Release */ = {
			isa = XCBuildConfiguration;
			baseConfigurationReference = FB6B4CA0030176FC419CB326 /* Pods-BlindInTests.release.xcconfig */;
			buildSettings = {
				ALWAYS_EMBED_SWIFT_STANDARD_LIBRARIES = YES;
				BUNDLE_LOADER = "$(TEST_HOST)";
				CODE_SIGN_STYLE = Automatic;
				DEVELOPMENT_TEAM = MLXYZ7TJ5Q;
				INFOPLIST_FILE = BlindInTests/Info.plist;
				LD_RUNPATH_SEARCH_PATHS = (
					"$(inherited)",
					"@executable_path/Frameworks",
					"@loader_path/Frameworks",
				);
				PRODUCT_BUNDLE_IDENTIFIER = com.BlindInCo.BlindInTests;
				PRODUCT_NAME = "$(TARGET_NAME)";
				SWIFT_VERSION = 4.2;
				TARGETED_DEVICE_FAMILY = "1,2";
				TEST_HOST = "$(BUILT_PRODUCTS_DIR)/BlindIn.app/BlindIn";
			};
			name = Release;
		};
		3258DD03227DCCBE0014B316 /* Debug */ = {
			isa = XCBuildConfiguration;
			baseConfigurationReference = 0D58DBD301ADDFF192E4F9B9 /* Pods-BlindInUITests.debug.xcconfig */;
			buildSettings = {
				ALWAYS_EMBED_SWIFT_STANDARD_LIBRARIES = YES;
				CODE_SIGN_STYLE = Automatic;
				DEVELOPMENT_TEAM = MLXYZ7TJ5Q;
				INFOPLIST_FILE = BlindInUITests/Info.plist;
				LD_RUNPATH_SEARCH_PATHS = (
					"$(inherited)",
					"@executable_path/Frameworks",
					"@loader_path/Frameworks",
				);
				PRODUCT_BUNDLE_IDENTIFIER = com.BlindInCo.BlindInUITests;
				PRODUCT_NAME = "$(TARGET_NAME)";
				SWIFT_VERSION = 4.2;
				TARGETED_DEVICE_FAMILY = "1,2";
				TEST_TARGET_NAME = BlindIn;
			};
			name = Debug;
		};
		3258DD04227DCCBE0014B316 /* Release */ = {
			isa = XCBuildConfiguration;
			baseConfigurationReference = 3D9FC336C61DA2527110FD23 /* Pods-BlindInUITests.release.xcconfig */;
			buildSettings = {
				ALWAYS_EMBED_SWIFT_STANDARD_LIBRARIES = YES;
				CODE_SIGN_STYLE = Automatic;
				DEVELOPMENT_TEAM = MLXYZ7TJ5Q;
				INFOPLIST_FILE = BlindInUITests/Info.plist;
				LD_RUNPATH_SEARCH_PATHS = (
					"$(inherited)",
					"@executable_path/Frameworks",
					"@loader_path/Frameworks",
				);
				PRODUCT_BUNDLE_IDENTIFIER = com.BlindInCo.BlindInUITests;
				PRODUCT_NAME = "$(TARGET_NAME)";
				SWIFT_VERSION = 4.2;
				TARGETED_DEVICE_FAMILY = "1,2";
				TEST_TARGET_NAME = BlindIn;
			};
			name = Release;
		};
/* End XCBuildConfiguration section */

/* Begin XCConfigurationList section */
		3258DCCF227DCCBA0014B316 /* Build configuration list for PBXProject "BlindIn" */ = {
			isa = XCConfigurationList;
			buildConfigurations = (
				3258DCFA227DCCBE0014B316 /* Debug */,
				3258DCFB227DCCBE0014B316 /* Release */,
			);
			defaultConfigurationIsVisible = 0;
			defaultConfigurationName = Release;
		};
		3258DCFC227DCCBE0014B316 /* Build configuration list for PBXNativeTarget "BlindIn" */ = {
			isa = XCConfigurationList;
			buildConfigurations = (
				3258DCFD227DCCBE0014B316 /* Debug */,
				3258DCFE227DCCBE0014B316 /* Release */,
			);
			defaultConfigurationIsVisible = 0;
			defaultConfigurationName = Release;
		};
		3258DCFF227DCCBE0014B316 /* Build configuration list for PBXNativeTarget "BlindInTests" */ = {
			isa = XCConfigurationList;
			buildConfigurations = (
				3258DD00227DCCBE0014B316 /* Debug */,
				3258DD01227DCCBE0014B316 /* Release */,
			);
			defaultConfigurationIsVisible = 0;
			defaultConfigurationName = Release;
		};
		3258DD02227DCCBE0014B316 /* Build configuration list for PBXNativeTarget "BlindInUITests" */ = {
			isa = XCConfigurationList;
			buildConfigurations = (
				3258DD03227DCCBE0014B316 /* Debug */,
				3258DD04227DCCBE0014B316 /* Release */,
			);
			defaultConfigurationIsVisible = 0;
			defaultConfigurationName = Release;
		};
/* End XCConfigurationList section */
	};
	rootObject = 3258DCCC227DCCBA0014B316 /* Project object */;
}
